PODS:
  - AFNetworking (3.2.1):
    - AFNetworking/NSURLSession (= 3.2.1)
    - AFNetworking/Reachability (= 3.2.1)
    - AFNetworking/Security (= 3.2.1)
    - AFNetworking/Serialization (= 3.2.1)
    - AFNetworking/UIKit (= 3.2.1)
  - AFNetworking/NSURLSession (3.2.1):
    - AFNetworking/Reachability
    - AFNetworking/Security
    - AFNetworking/Serialization
  - AFNetworking/Reachability (3.2.1)
  - AFNetworking/Security (3.2.1)
  - AFNetworking/Serialization (3.2.1)
  - AFNetworking/UIKit (3.2.1):
    - AFNetworking/NSURLSession
  - AMap3DMap (6.7.0):
    - AMapFoundation (~> 1.5)
  - AMapFoundation (1.5.6)
  - AMapLocation (2.6.1):
    - AMapFoundation (~> 1.4)
  - AMapSearch (6.6.0):
    - AMapFoundation (~> 1.4)
  - CocoaDebug (0.5.9)
  - CYLTabBarController (1.17.23)
  - HJTabViewController (1.0.7)
  - HXPhotoPicker (2.1.9):
    - SDWebImage (~> 4.4.1)
  - JMRoundedCorner (1.2.1)
  - JSONModel (1.7.0)
  - Masonry (1.0.2)
  - MBProgressHUD (1.1.0)
  - MJRefresh (3.1.15.7)
  - SDCycleScrollView (1.75):
    - SDWebImage (>= 4.0.0)
  - SDWebImage (4.4.6):
    - SDWebImage/Core (= 4.4.6)
  - SDWebImage/Core (4.4.6)
  - SVProgressHUD (2.2.5)
  - UMengUShare/Core (6.4.8.2):
    - UMengUShare/Network
  - UMengUShare/Network (6.4.8.2)
  - UMengUShare/Social/QQ (6.4.8.2):
    - UMengUShare/Core
    - UMengUShare/Social/ReducedQQ
  - UMengUShare/Social/ReducedQQ (6.4.8.2):
    - UMengUShare/Core
  - UMengUShare/Social/ReducedSina (6.4.8.2):
    - UMengUShare/Core
  - UMengUShare/Social/ReducedWeChat (6.4.8.2):
    - UMengUShare/Core
  - UMengUShare/Social/Sina (6.4.8.2):
    - UMengUShare/Core
    - UMengUShare/Social/ReducedSina
  - UMengUShare/Social/WeChat (6.4.8.2):
    - UMengUShare/Core
    - UMengUShare/Social/ReducedWeChat
  - YYKit (1.0.9):
    - YYKit/no-arc (= 1.0.9)
  - YYKit/no-arc (1.0.9)

DEPENDENCIES:
  - AFNetworking (~> 3.2.0)
  - AMap3DMap
  - AMapLocation
  - AMapSearch
  - CocoaDebug
  - CYLTabBarController (~> 1.17.22)
  - HJTabViewController (~> 1.0)
  - HXPhotoPicker (~> 2.1.9)
  - JMRoundedCorner
  - JSONModel (~> 1.7.0)
  - Masonry (~> 1.0.1)
  - MBProgressHUD
  - MJRefresh (~> 3.1.15.3)
  - SDCycleScrollView (~> 1.75)
  - SDWebImage (~> 4.4.0)
  - SVProgressHUD (~> 2.2.5)
  - UMengUShare/Social/QQ
  - UMengUShare/Social/Sina
  - UMengUShare/Social/WeChat
  - YYKit (~> 1.0.6)

SPEC REPOS:
  https://github.com/cocoapods/specs.git:
    - AFNetworking
    - AMap3DMap
    - AMapFoundation
    - AMapLocation
    - AMapSearch
    - CocoaDebug
    - CYLTabBarController
    - HJTabViewController
    - HXPhotoPicker
    - JMRoundedCorner
    - JSONModel
    - Masonry
    - MBProgressHUD
    - MJRefresh
    - SDCycleScrollView
    - SDWebImage
    - SVProgressHUD
    - UMengUShare
    - YYKit

SPEC CHECKSUMS:
  AFNetworking: b6f891fdfaed196b46c7a83cf209e09697b94057
  AMap3DMap: 7bb992e6bfb99e34e6c7a368958dde9d743a23f1
  AMapFoundation: 20fce2a12cd152e1092afdd04379cdac21932185
  AMapLocation: cf024b53dc03663efb4ea4bcce27d4cce58bb97a
  AMapSearch: def5983c8ca1a6d7430970046dc814f6e337621d
  CocoaDebug: a9340ab62aff3d42937fe789f810552a14751d52
  CYLTabBarController: 73889c1ccc7685221d85ac2dbf188900543f17d0
  HJTabViewController: 85aaeb7aef5d96f617ff7500f5002d8e288bedf5
  HXPhotoPicker: abe7b21f5439eea491ca5d21903b7dc384ae9f06
  JMRoundedCorner: 214e56c2a7e3a0916e8d6040c66d85519cc1be87
  JSONModel: 840bc0fcffb24b8454d2c026bf26fea454b8e98d
  Masonry: 7c429b56da9d4ee0bbb3ed77a5ea710d6a5df39e
  MBProgressHUD: e7baa36a220447d8aeb12769bf0585582f3866d9
  MJRefresh: 697f8ec75ebdbe9207767bb682cf0f51b0d8a41f
  SDCycleScrollView: 884b88f0266dd4708a0e1934975c69cb971707b1
  SDWebImage: 3f3f0c02f09798048c47a5ed0a13f17b063572d8
  SVProgressHUD: 1428aafac632c1f86f62aa4243ec12008d7a51d6
  UMengUShare: 370d180101e13ee0227ae657ab119ba97243d2b3
  YYKit: 7cda43304a8dc3696c449041e2cb3107b4e236e7

PODFILE CHECKSUM: 82e3120799a570b2be4dbfe4bc4d6920986be4fa

COCOAPODS: 1.5.3
