// !$*UTF8*$!
{
	archiveVersion = 1;
	classes = {
	};
	objectVersion = 50;
	objects = {

/* Begin PBXBuildFile section */
		8D542A5F222A5BC2008B90B0 /* LESuperTableViewController.m in Sources */ = {isa = PBXBuildFile; fileRef = 8D542A0D222A5BC1008B90B0 /* LESuperTableViewController.m */; };
		8D542A61222A5BC2008B90B0 /* WYNetWorkExceptionHandling.m in Sources */ = {isa = PBXBuildFile; fileRef = 8D542A13222A5BC2008B90B0 /* WYNetWorkExceptionHandling.m */; };
		8D542A62222A5BC2008B90B0 /* WYNetWorkManager.m in Sources */ = {isa = PBXBuildFile; fileRef = 8D542A14222A5BC2008B90B0 /* WYNetWorkManager.m */; };
		8D542A63222A5BC2008B90B0 /* NetWorkConfig.json in Resources */ = {isa = PBXBuildFile; fileRef = 8D542A17222A5BC2008B90B0 /* NetWorkConfig.json */; };
		8D542A64222A5BC2008B90B0 /* WYAPIGenerate.m in Sources */ = {isa = PBXBuildFile; fileRef = 8D542A1B222A5BC2008B90B0 /* WYAPIGenerate.m */; };
		8D542A65222A5BC2008B90B0 /* HotUpButton.m in Sources */ = {isa = PBXBuildFile; fileRef = 8D542A20222A5BC2008B90B0 /* HotUpButton.m */; };
		8D542A66222A5BC2008B90B0 /* WYActionSheet.m in Sources */ = {isa = PBXBuildFile; fileRef = 8D542A22222A5BC2008B90B0 /* WYActionSheet.m */; };
		8D542A67222A5BC2008B90B0 /* WYCustomActionSheet.m in Sources */ = {isa = PBXBuildFile; fileRef = 8D542A25222A5BC2008B90B0 /* WYCustomActionSheet.m */; };
		8D542A68222A5BC2008B90B0 /* LEMenuView.m in Sources */ = {isa = PBXBuildFile; fileRef = 8D542A27222A5BC2008B90B0 /* LEMenuView.m */; };
		8D542A69222A5BC2008B90B0 /* LESearchBar.m in Sources */ = {isa = PBXBuildFile; fileRef = 8D542A2A222A5BC2008B90B0 /* LESearchBar.m */; };
		8D542A6A222A5BC2008B90B0 /* LEWebViewController.m in Sources */ = {isa = PBXBuildFile; fileRef = 8D542A2D222A5BC2008B90B0 /* LEWebViewController.m */; };
		8D542A6B222A5BC2008B90B0 /* LEShareModel.m in Sources */ = {isa = PBXBuildFile; fileRef = 8D542A33222A5BC2008B90B0 /* LEShareModel.m */; };
		8D542A6C222A5BC2008B90B0 /* LEShareWindow.m in Sources */ = {isa = PBXBuildFile; fileRef = 8D542A34222A5BC2008B90B0 /* LEShareWindow.m */; };
		8D542A6D222A5BC2008B90B0 /* LEShareSheetView.m in Sources */ = {isa = PBXBuildFile; fileRef = 8D542A35222A5BC2008B90B0 /* LEShareSheetView.m */; };
		8D542A6E222A5BC2008B90B0 /* LERefreshHeader.m in Sources */ = {isa = PBXBuildFile; fileRef = 8D542A37222A5BC2008B90B0 /* LERefreshHeader.m */; };
		8D542A6F222A5BC2008B90B0 /* LERefreshFooter.m in Sources */ = {isa = PBXBuildFile; fileRef = 8D542A38222A5BC2008B90B0 /* LERefreshFooter.m */; };
		8D542A70222A5BC2008B90B0 /* LELoginUserManager.m in Sources */ = {isa = PBXBuildFile; fileRef = 8D542A3C222A5BC2008B90B0 /* LELoginUserManager.m */; };
		8D542A71222A5BC2008B90B0 /* LELoginManager.m in Sources */ = {isa = PBXBuildFile; fileRef = 8D542A3D222A5BC2008B90B0 /* LELoginManager.m */; };
		8D542A72222A5BC2008B90B0 /* LELoginModel.m in Sources */ = {isa = PBXBuildFile; fileRef = 8D542A40222A5BC2008B90B0 /* LELoginModel.m */; };
		8D542A73222A5BC2008B90B0 /* SVProgressHUD+LETools.m in Sources */ = {isa = PBXBuildFile; fileRef = 8D542A45222A5BC2008B90B0 /* SVProgressHUD+LETools.m */; };
		8D542A74222A5BC2008B90B0 /* PathHelper.m in Sources */ = {isa = PBXBuildFile; fileRef = 8D542A46222A5BC2008B90B0 /* PathHelper.m */; };
		8D542A75222A5BC2008B90B0 /* WYCommonUtils.m in Sources */ = {isa = PBXBuildFile; fileRef = 8D542A4A222A5BC2008B90B0 /* WYCommonUtils.m */; };
		8D542A76222A5BC2008B90B0 /* UIImage+LEAdd.m in Sources */ = {isa = PBXBuildFile; fileRef = 8D542A4C222A5BC2008B90B0 /* UIImage+LEAdd.m */; };
		8D542A77222A5BC2008B90B0 /* YTCache.m in Sources */ = {isa = PBXBuildFile; fileRef = 8D542A4E222A5BC2008B90B0 /* YTCache.m */; };
		8D542A78222A5BC2008B90B0 /* MBProgressHUD+LETools.m in Sources */ = {isa = PBXBuildFile; fileRef = 8D542A4F222A5BC2008B90B0 /* MBProgressHUD+LETools.m */; };
		8D542A79222A5BC2008B90B0 /* UIImage+ProportionalFill.m in Sources */ = {isa = PBXBuildFile; fileRef = 8D542A51222A5BC2008B90B0 /* UIImage+ProportionalFill.m */; };
		8D542A7A222A5BC2008B90B0 /* LEBaseModel.m in Sources */ = {isa = PBXBuildFile; fileRef = 8D542A53222A5BC2008B90B0 /* LEBaseModel.m */; };
		8D542A7B222A5BC2008B90B0 /* WYShareManager.m in Sources */ = {isa = PBXBuildFile; fileRef = 8D542A56222A5BC2008B90B0 /* WYShareManager.m */; };
		8D542A7C222A5BC2008B90B0 /* LELoginAuthManager.m in Sources */ = {isa = PBXBuildFile; fileRef = 8D542A58222A5BC2008B90B0 /* LELoginAuthManager.m */; };
		8D542A7D222A5BC2008B90B0 /* LELinkerHandler.m in Sources */ = {isa = PBXBuildFile; fileRef = 8D542A59222A5BC2008B90B0 /* LELinkerHandler.m */; };
		8D542A7E222A5BC2008B90B0 /* LEDataStoreManager.m in Sources */ = {isa = PBXBuildFile; fileRef = 8D542A5B222A5BC2008B90B0 /* LEDataStoreManager.m */; };
		8D542A85222A66A5008B90B0 /* LLLoginViewController.m in Sources */ = {isa = PBXBuildFile; fileRef = 8D542A83222A66A5008B90B0 /* LLLoginViewController.m */; };
		8D542A86222A66A5008B90B0 /* LLLoginViewController.xib in Resources */ = {isa = PBXBuildFile; fileRef = 8D542A84222A66A5008B90B0 /* LLLoginViewController.xib */; };
		8D58D4B82226355900803985 /* AppDelegate.m in Sources */ = {isa = PBXBuildFile; fileRef = 8D58D4B72226355900803985 /* AppDelegate.m */; };
		8D58D4BB2226355900803985 /* ViewController.m in Sources */ = {isa = PBXBuildFile; fileRef = 8D58D4BA2226355900803985 /* ViewController.m */; };
		8D58D4BE2226355900803985 /* Main.storyboard in Resources */ = {isa = PBXBuildFile; fileRef = 8D58D4BC2226355900803985 /* Main.storyboard */; };
		8D58D4C02226355B00803985 /* Assets.xcassets in Resources */ = {isa = PBXBuildFile; fileRef = 8D58D4BF2226355B00803985 /* Assets.xcassets */; };
		8D58D4C32226355B00803985 /* LaunchScreen.storyboard in Resources */ = {isa = PBXBuildFile; fileRef = 8D58D4C12226355B00803985 /* LaunchScreen.storyboard */; };
		8D58D4C62226355B00803985 /* main.m in Sources */ = {isa = PBXBuildFile; fileRef = 8D58D4C52226355B00803985 /* main.m */; };
		8D58D4D02226355B00803985 /* BeehiveTests.m in Sources */ = {isa = PBXBuildFile; fileRef = 8D58D4CF2226355B00803985 /* BeehiveTests.m */; };
		8D58D4DB2226355B00803985 /* BeehiveUITests.m in Sources */ = {isa = PBXBuildFile; fileRef = 8D58D4DA2226355B00803985 /* BeehiveUITests.m */; };
		8D79E4D2222672A20019A1BE /* LLTabBarViewController.m in Sources */ = {isa = PBXBuildFile; fileRef = 8D79E4D1222672A20019A1BE /* LLTabBarViewController.m */; };
		8D79E4D5222672CA0019A1BE /* LLNavigationController.m in Sources */ = {isa = PBXBuildFile; fileRef = 8D79E4D4222672CA0019A1BE /* LLNavigationController.m */; };
		8D79E4D82226748D0019A1BE /* LLBaseViewController.m in Sources */ = {isa = PBXBuildFile; fileRef = 8D79E4D72226748D0019A1BE /* LLBaseViewController.m */; };
		8D79E4DC222676E20019A1BE /* LLBeeHomeViewController.m in Sources */ = {isa = PBXBuildFile; fileRef = 8D79E4DA222676E20019A1BE /* LLBeeHomeViewController.m */; };
		8D79E4DD222676E20019A1BE /* LLBeeHomeViewController.xib in Resources */ = {isa = PBXBuildFile; fileRef = 8D79E4DB222676E20019A1BE /* LLBeeHomeViewController.xib */; };
		8D79E4E1222676FC0019A1BE /* LLBeeMineViewController.m in Sources */ = {isa = PBXBuildFile; fileRef = 8D79E4DF222676FC0019A1BE /* LLBeeMineViewController.m */; };
		8D79E4E2222676FC0019A1BE /* LLBeeMineViewController.xib in Resources */ = {isa = PBXBuildFile; fileRef = 8D79E4E0222676FC0019A1BE /* LLBeeMineViewController.xib */; };
		8DCC9AAE222B71F200AC3128 /* LLRedRuleViewController.m in Sources */ = {isa = PBXBuildFile; fileRef = 8DCC9AAC222B71F200AC3128 /* LLRedRuleViewController.m */; };
		8DCC9AAF222B71F200AC3128 /* LLRedRuleViewController.xib in Resources */ = {isa = PBXBuildFile; fileRef = 8DCC9AAD222B71F200AC3128 /* LLRedRuleViewController.xib */; };
		8DCC9AB6222B7D5700AC3128 /* LLView.m in Sources */ = {isa = PBXBuildFile; fileRef = 8DCC9AB5222B7D5700AC3128 /* LLView.m */; };
		8DCC9AB9222B810900AC3128 /* LLCollectionView.m in Sources */ = {isa = PBXBuildFile; fileRef = 8DCC9AB8222B810900AC3128 /* LLCollectionView.m */; };
		8DCC9ABC222B812E00AC3128 /* LLCollectionViewCell.m in Sources */ = {isa = PBXBuildFile; fileRef = 8DCC9ABB222B812E00AC3128 /* LLCollectionViewCell.m */; };
		8DCC9ABF222B814D00AC3128 /* LLTableView.m in Sources */ = {isa = PBXBuildFile; fileRef = 8DCC9ABE222B814D00AC3128 /* LLTableView.m */; };
		8DCC9AC2222B815E00AC3128 /* LLTableViewCell.m in Sources */ = {isa = PBXBuildFile; fileRef = 8DCC9AC1222B815E00AC3128 /* LLTableViewCell.m */; };
		8DCC9AC5222B835000AC3128 /* LLCityOptionHeaderView.m in Sources */ = {isa = PBXBuildFile; fileRef = 8DCC9AC4222B835000AC3128 /* LLCityOptionHeaderView.m */; };
		8DCC9AC9222BF81A00AC3128 /* LLCityOptionCollectionViewCell.m in Sources */ = {isa = PBXBuildFile; fileRef = 8DCC9AC7222BF81A00AC3128 /* LLCityOptionCollectionViewCell.m */; };
		8DCC9ACA222BF81A00AC3128 /* LLCityOptionCollectionViewCell.xib in Resources */ = {isa = PBXBuildFile; fileRef = 8DCC9AC8222BF81A00AC3128 /* LLCityOptionCollectionViewCell.xib */; };
		8DD290D92228D72200E4338D /* UIViewController+LLNavigationBar.m in Sources */ = {isa = PBXBuildFile; fileRef = 8DD290D82228D72200E4338D /* UIViewController+LLNavigationBar.m */; };
		8DD290E22229442D00E4338D /* NSObject+LLRuntime.m in Sources */ = {isa = PBXBuildFile; fileRef = 8DD290E12229442D00E4338D /* NSObject+LLRuntime.m */; };
		8DD290E52229450D00E4338D /* UINavigationBar+LLFixSpace.m in Sources */ = {isa = PBXBuildFile; fileRef = 8DD290E42229450D00E4338D /* UINavigationBar+LLFixSpace.m */; };
		8DE588592227A4B3002C1576 /* LLBeeMessageViewController.m in Sources */ = {isa = PBXBuildFile; fileRef = 8DE588572227A4B3002C1576 /* LLBeeMessageViewController.m */; };
		8DE5885A2227A4B3002C1576 /* LLBeeMessageViewController.xib in Resources */ = {isa = PBXBuildFile; fileRef = 8DE588582227A4B3002C1576 /* LLBeeMessageViewController.xib */; };
		8DE5885E2227A4CC002C1576 /* LLBeeRankingViewController.m in Sources */ = {isa = PBXBuildFile; fileRef = 8DE5885C2227A4CC002C1576 /* LLBeeRankingViewController.m */; };
		8DE5885F2227A4CC002C1576 /* LLBeeRankingViewController.xib in Resources */ = {isa = PBXBuildFile; fileRef = 8DE5885D2227A4CC002C1576 /* LLBeeRankingViewController.xib */; };
		8DE588622227AD82002C1576 /* LLPlusButton.m in Sources */ = {isa = PBXBuildFile; fileRef = 8DE588612227AD82002C1576 /* LLPlusButton.m */; };
		8DE588672227C76F002C1576 /* FontConst.swift in Sources */ = {isa = PBXBuildFile; fileRef = 8DE588662227C76F002C1576 /* FontConst.swift */; };
		A78A3C5E8FBF200497ED12F0 /* Pods_BeehiveTests.framework in Frameworks */ = {isa = PBXBuildFile; fileRef = A98A37B880E16C6C709CB88A /* Pods_BeehiveTests.framework */; };
		BE3EF924D54032F1DFDF5383 /* Pods_BeehiveUITests.framework in Frameworks */ = {isa = PBXBuildFile; fileRef = 0DB97A8E569F793FB5ABD125 /* Pods_BeehiveUITests.framework */; };
		E0E531C080DEB8E8705299CF /* Pods_Beehive.framework in Frameworks */ = {isa = PBXBuildFile; fileRef = BA9C64AC55444CFD230537D9 /* Pods_Beehive.framework */; };
/* End PBXBuildFile section */

/* Begin PBXContainerItemProxy section */
		8D58D4CC2226355B00803985 /* PBXContainerItemProxy */ = {
			isa = PBXContainerItemProxy;
			containerPortal = 8D58D4AB2226355900803985 /* Project object */;
			proxyType = 1;
			remoteGlobalIDString = 8D58D4B22226355900803985;
			remoteInfo = Beehive;
		};
		8D58D4D72226355B00803985 /* PBXContainerItemProxy */ = {
			isa = PBXContainerItemProxy;
			containerPortal = 8D58D4AB2226355900803985 /* Project object */;
			proxyType = 1;
			remoteGlobalIDString = 8D58D4B22226355900803985;
			remoteInfo = Beehive;
		};
/* End PBXContainerItemProxy section */

/* Begin PBXFileReference section */
		0DB97A8E569F793FB5ABD125 /* Pods_BeehiveUITests.framework */ = {isa = PBXFileReference; explicitFileType = wrapper.framework; includeInIndex = 0; path = Pods_BeehiveUITests.framework; sourceTree = BUILT_PRODUCTS_DIR; };
		20C25563243C0C0C3470C450 /* Pods-BeehiveUITests.debug.xcconfig */ = {isa = PBXFileReference; includeInIndex = 1; lastKnownFileType = text.xcconfig; name = "Pods-BeehiveUITests.debug.xcconfig"; path = "Pods/Target Support Files/Pods-BeehiveUITests/Pods-BeehiveUITests.debug.xcconfig"; sourceTree = "<group>"; };
		3E0B5B249A57781EFB56EA11 /* Pods-Beehive.release.xcconfig */ = {isa = PBXFileReference; includeInIndex = 1; lastKnownFileType = text.xcconfig; name = "Pods-Beehive.release.xcconfig"; path = "Pods/Target Support Files/Pods-Beehive/Pods-Beehive.release.xcconfig"; sourceTree = "<group>"; };
		4D6CFC789F3E2147740EF3C7 /* Pods-BeehiveTests.release.xcconfig */ = {isa = PBXFileReference; includeInIndex = 1; lastKnownFileType = text.xcconfig; name = "Pods-BeehiveTests.release.xcconfig"; path = "Pods/Target Support Files/Pods-BeehiveTests/Pods-BeehiveTests.release.xcconfig"; sourceTree = "<group>"; };
		86AFFE00E0BD8677E897D9D1 /* Pods-Beehive.debug.xcconfig */ = {isa = PBXFileReference; includeInIndex = 1; lastKnownFileType = text.xcconfig; name = "Pods-Beehive.debug.xcconfig"; path = "Pods/Target Support Files/Pods-Beehive/Pods-Beehive.debug.xcconfig"; sourceTree = "<group>"; };
		8D542A0D222A5BC1008B90B0 /* LESuperTableViewController.m */ = {isa = PBXFileReference; fileEncoding = 4; lastKnownFileType = sourcecode.c.objc; path = LESuperTableViewController.m; sourceTree = "<group>"; };
		8D542A10222A5BC1008B90B0 /* LESuperTableViewController.h */ = {isa = PBXFileReference; fileEncoding = 4; lastKnownFileType = sourcecode.c.h; path = LESuperTableViewController.h; sourceTree = "<group>"; };
		8D542A13222A5BC2008B90B0 /* WYNetWorkExceptionHandling.m */ = {isa = PBXFileReference; fileEncoding = 4; lastKnownFileType = sourcecode.c.objc; path = WYNetWorkExceptionHandling.m; sourceTree = "<group>"; };
		8D542A14222A5BC2008B90B0 /* WYNetWorkManager.m */ = {isa = PBXFileReference; fileEncoding = 4; lastKnownFileType = sourcecode.c.objc; path = WYNetWorkManager.m; sourceTree = "<group>"; };
		8D542A15222A5BC2008B90B0 /* WYAPIGenerate.h */ = {isa = PBXFileReference; fileEncoding = 4; lastKnownFileType = sourcecode.c.h; path = WYAPIGenerate.h; sourceTree = "<group>"; };
		8D542A17222A5BC2008B90B0 /* NetWorkConfig.json */ = {isa = PBXFileReference; fileEncoding = 4; lastKnownFileType = text.json; path = NetWorkConfig.json; sourceTree = "<group>"; };
		8D542A18222A5BC2008B90B0 /* WYNetWorkExceptionHandling.h */ = {isa = PBXFileReference; fileEncoding = 4; lastKnownFileType = sourcecode.c.h; path = WYNetWorkExceptionHandling.h; sourceTree = "<group>"; };
		8D542A19222A5BC2008B90B0 /* WYNetWorkManager.h */ = {isa = PBXFileReference; fileEncoding = 4; lastKnownFileType = sourcecode.c.h; path = WYNetWorkManager.h; sourceTree = "<group>"; };
		8D542A1A222A5BC2008B90B0 /* WYNetworkHeader.h */ = {isa = PBXFileReference; fileEncoding = 4; lastKnownFileType = sourcecode.c.h; path = WYNetworkHeader.h; sourceTree = "<group>"; };
		8D542A1B222A5BC2008B90B0 /* WYAPIGenerate.m */ = {isa = PBXFileReference; fileEncoding = 4; lastKnownFileType = sourcecode.c.objc; path = WYAPIGenerate.m; sourceTree = "<group>"; };
		8D542A1F222A5BC2008B90B0 /* HotUpButton.h */ = {isa = PBXFileReference; fileEncoding = 4; lastKnownFileType = sourcecode.c.h; path = HotUpButton.h; sourceTree = "<group>"; };
		8D542A20222A5BC2008B90B0 /* HotUpButton.m */ = {isa = PBXFileReference; fileEncoding = 4; lastKnownFileType = sourcecode.c.objc; path = HotUpButton.m; sourceTree = "<group>"; };
		8D542A22222A5BC2008B90B0 /* WYActionSheet.m */ = {isa = PBXFileReference; fileEncoding = 4; lastKnownFileType = sourcecode.c.objc; path = WYActionSheet.m; sourceTree = "<group>"; };
		8D542A23222A5BC2008B90B0 /* WYCustomActionSheet.h */ = {isa = PBXFileReference; fileEncoding = 4; lastKnownFileType = sourcecode.c.h; path = WYCustomActionSheet.h; sourceTree = "<group>"; };
		8D542A24222A5BC2008B90B0 /* WYActionSheet.h */ = {isa = PBXFileReference; fileEncoding = 4; lastKnownFileType = sourcecode.c.h; path = WYActionSheet.h; sourceTree = "<group>"; };
		8D542A25222A5BC2008B90B0 /* WYCustomActionSheet.m */ = {isa = PBXFileReference; fileEncoding = 4; lastKnownFileType = sourcecode.c.objc; path = WYCustomActionSheet.m; sourceTree = "<group>"; };
		8D542A27222A5BC2008B90B0 /* LEMenuView.m */ = {isa = PBXFileReference; fileEncoding = 4; lastKnownFileType = sourcecode.c.objc; path = LEMenuView.m; sourceTree = "<group>"; };
		8D542A28222A5BC2008B90B0 /* LEMenuView.h */ = {isa = PBXFileReference; fileEncoding = 4; lastKnownFileType = sourcecode.c.h; path = LEMenuView.h; sourceTree = "<group>"; };
		8D542A2A222A5BC2008B90B0 /* LESearchBar.m */ = {isa = PBXFileReference; fileEncoding = 4; lastKnownFileType = sourcecode.c.objc; path = LESearchBar.m; sourceTree = "<group>"; };
		8D542A2B222A5BC2008B90B0 /* LESearchBar.h */ = {isa = PBXFileReference; fileEncoding = 4; lastKnownFileType = sourcecode.c.h; path = LESearchBar.h; sourceTree = "<group>"; };
		8D542A2D222A5BC2008B90B0 /* LEWebViewController.m */ = {isa = PBXFileReference; fileEncoding = 4; lastKnownFileType = sourcecode.c.objc; path = LEWebViewController.m; sourceTree = "<group>"; };
		8D542A2E222A5BC2008B90B0 /* LEWebViewController.h */ = {isa = PBXFileReference; fileEncoding = 4; lastKnownFileType = sourcecode.c.h; path = LEWebViewController.h; sourceTree = "<group>"; };
		8D542A30222A5BC2008B90B0 /* LEShareModel.h */ = {isa = PBXFileReference; fileEncoding = 4; lastKnownFileType = sourcecode.c.h; path = LEShareModel.h; sourceTree = "<group>"; };
		8D542A31222A5BC2008B90B0 /* LEShareWindow.h */ = {isa = PBXFileReference; fileEncoding = 4; lastKnownFileType = sourcecode.c.h; path = LEShareWindow.h; sourceTree = "<group>"; };
		8D542A32222A5BC2008B90B0 /* LEShareSheetView.h */ = {isa = PBXFileReference; fileEncoding = 4; lastKnownFileType = sourcecode.c.h; path = LEShareSheetView.h; sourceTree = "<group>"; };
		8D542A33222A5BC2008B90B0 /* LEShareModel.m */ = {isa = PBXFileReference; fileEncoding = 4; lastKnownFileType = sourcecode.c.objc; path = LEShareModel.m; sourceTree = "<group>"; };
		8D542A34222A5BC2008B90B0 /* LEShareWindow.m */ = {isa = PBXFileReference; fileEncoding = 4; lastKnownFileType = sourcecode.c.objc; path = LEShareWindow.m; sourceTree = "<group>"; };
		8D542A35222A5BC2008B90B0 /* LEShareSheetView.m */ = {isa = PBXFileReference; fileEncoding = 4; lastKnownFileType = sourcecode.c.objc; path = LEShareSheetView.m; sourceTree = "<group>"; };
		8D542A37222A5BC2008B90B0 /* LERefreshHeader.m */ = {isa = PBXFileReference; fileEncoding = 4; lastKnownFileType = sourcecode.c.objc; path = LERefreshHeader.m; sourceTree = "<group>"; };
		8D542A38222A5BC2008B90B0 /* LERefreshFooter.m */ = {isa = PBXFileReference; fileEncoding = 4; lastKnownFileType = sourcecode.c.objc; path = LERefreshFooter.m; sourceTree = "<group>"; };
		8D542A39222A5BC2008B90B0 /* LERefreshFooter.h */ = {isa = PBXFileReference; fileEncoding = 4; lastKnownFileType = sourcecode.c.h; path = LERefreshFooter.h; sourceTree = "<group>"; };
		8D542A3A222A5BC2008B90B0 /* LERefreshHeader.h */ = {isa = PBXFileReference; fileEncoding = 4; lastKnownFileType = sourcecode.c.h; path = LERefreshHeader.h; sourceTree = "<group>"; };
		8D542A3C222A5BC2008B90B0 /* LELoginUserManager.m */ = {isa = PBXFileReference; fileEncoding = 4; lastKnownFileType = sourcecode.c.objc; path = LELoginUserManager.m; sourceTree = "<group>"; };
		8D542A3D222A5BC2008B90B0 /* LELoginManager.m */ = {isa = PBXFileReference; fileEncoding = 4; lastKnownFileType = sourcecode.c.objc; path = LELoginManager.m; sourceTree = "<group>"; };
		8D542A3E222A5BC2008B90B0 /* LELoginUserManager.h */ = {isa = PBXFileReference; fileEncoding = 4; lastKnownFileType = sourcecode.c.h; path = LELoginUserManager.h; sourceTree = "<group>"; };
		8D542A40222A5BC2008B90B0 /* LELoginModel.m */ = {isa = PBXFileReference; fileEncoding = 4; lastKnownFileType = sourcecode.c.objc; path = LELoginModel.m; sourceTree = "<group>"; };
		8D542A41222A5BC2008B90B0 /* LELoginModel.h */ = {isa = PBXFileReference; fileEncoding = 4; lastKnownFileType = sourcecode.c.h; path = LELoginModel.h; sourceTree = "<group>"; };
		8D542A42222A5BC2008B90B0 /* LELoginManager.h */ = {isa = PBXFileReference; fileEncoding = 4; lastKnownFileType = sourcecode.c.h; path = LELoginManager.h; sourceTree = "<group>"; };
		8D542A44222A5BC2008B90B0 /* UIImage+LEAdd.h */ = {isa = PBXFileReference; fileEncoding = 4; lastKnownFileType = sourcecode.c.h; path = "UIImage+LEAdd.h"; sourceTree = "<group>"; };
		8D542A45222A5BC2008B90B0 /* SVProgressHUD+LETools.m */ = {isa = PBXFileReference; fileEncoding = 4; lastKnownFileType = sourcecode.c.objc; path = "SVProgressHUD+LETools.m"; sourceTree = "<group>"; };
		8D542A46222A5BC2008B90B0 /* PathHelper.m */ = {isa = PBXFileReference; fileEncoding = 4; lastKnownFileType = sourcecode.c.objc; path = PathHelper.m; sourceTree = "<group>"; };
		8D542A47222A5BC2008B90B0 /* YTCache.h */ = {isa = PBXFileReference; fileEncoding = 4; lastKnownFileType = sourcecode.c.h; path = YTCache.h; sourceTree = "<group>"; };
		8D542A48222A5BC2008B90B0 /* MBProgressHUD+LETools.h */ = {isa = PBXFileReference; fileEncoding = 4; lastKnownFileType = sourcecode.c.h; path = "MBProgressHUD+LETools.h"; sourceTree = "<group>"; };
		8D542A49222A5BC2008B90B0 /* UIImage+ProportionalFill.h */ = {isa = PBXFileReference; fileEncoding = 4; lastKnownFileType = sourcecode.c.h; path = "UIImage+ProportionalFill.h"; sourceTree = "<group>"; };
		8D542A4A222A5BC2008B90B0 /* WYCommonUtils.m */ = {isa = PBXFileReference; fileEncoding = 4; lastKnownFileType = sourcecode.c.objc; path = WYCommonUtils.m; sourceTree = "<group>"; };
		8D542A4B222A5BC2008B90B0 /* PathHelper.h */ = {isa = PBXFileReference; fileEncoding = 4; lastKnownFileType = sourcecode.c.h; path = PathHelper.h; sourceTree = "<group>"; };
		8D542A4C222A5BC2008B90B0 /* UIImage+LEAdd.m */ = {isa = PBXFileReference; fileEncoding = 4; lastKnownFileType = sourcecode.c.objc; path = "UIImage+LEAdd.m"; sourceTree = "<group>"; };
		8D542A4D222A5BC2008B90B0 /* SVProgressHUD+LETools.h */ = {isa = PBXFileReference; fileEncoding = 4; lastKnownFileType = sourcecode.c.h; path = "SVProgressHUD+LETools.h"; sourceTree = "<group>"; };
		8D542A4E222A5BC2008B90B0 /* YTCache.m */ = {isa = PBXFileReference; fileEncoding = 4; lastKnownFileType = sourcecode.c.objc; path = YTCache.m; sourceTree = "<group>"; };
		8D542A4F222A5BC2008B90B0 /* MBProgressHUD+LETools.m */ = {isa = PBXFileReference; fileEncoding = 4; lastKnownFileType = sourcecode.c.objc; path = "MBProgressHUD+LETools.m"; sourceTree = "<group>"; };
		8D542A50222A5BC2008B90B0 /* WYCommonUtils.h */ = {isa = PBXFileReference; fileEncoding = 4; lastKnownFileType = sourcecode.c.h; path = WYCommonUtils.h; sourceTree = "<group>"; };
		8D542A51222A5BC2008B90B0 /* UIImage+ProportionalFill.m */ = {isa = PBXFileReference; fileEncoding = 4; lastKnownFileType = sourcecode.c.objc; path = "UIImage+ProportionalFill.m"; sourceTree = "<group>"; };
		8D542A53222A5BC2008B90B0 /* LEBaseModel.m */ = {isa = PBXFileReference; fileEncoding = 4; lastKnownFileType = sourcecode.c.objc; path = LEBaseModel.m; sourceTree = "<group>"; };
		8D542A54222A5BC2008B90B0 /* LEBaseModel.h */ = {isa = PBXFileReference; fileEncoding = 4; lastKnownFileType = sourcecode.c.h; path = LEBaseModel.h; sourceTree = "<group>"; };
		8D542A56222A5BC2008B90B0 /* WYShareManager.m */ = {isa = PBXFileReference; fileEncoding = 4; lastKnownFileType = sourcecode.c.objc; path = WYShareManager.m; sourceTree = "<group>"; };
		8D542A57222A5BC2008B90B0 /* LEDataStoreManager.h */ = {isa = PBXFileReference; fileEncoding = 4; lastKnownFileType = sourcecode.c.h; path = LEDataStoreManager.h; sourceTree = "<group>"; };
		8D542A58222A5BC2008B90B0 /* LELoginAuthManager.m */ = {isa = PBXFileReference; fileEncoding = 4; lastKnownFileType = sourcecode.c.objc; path = LELoginAuthManager.m; sourceTree = "<group>"; };
		8D542A59222A5BC2008B90B0 /* LELinkerHandler.m */ = {isa = PBXFileReference; fileEncoding = 4; lastKnownFileType = sourcecode.c.objc; path = LELinkerHandler.m; sourceTree = "<group>"; };
		8D542A5A222A5BC2008B90B0 /* WYShareManager.h */ = {isa = PBXFileReference; fileEncoding = 4; lastKnownFileType = sourcecode.c.h; path = WYShareManager.h; sourceTree = "<group>"; };
		8D542A5B222A5BC2008B90B0 /* LEDataStoreManager.m */ = {isa = PBXFileReference; fileEncoding = 4; lastKnownFileType = sourcecode.c.objc; path = LEDataStoreManager.m; sourceTree = "<group>"; };
		8D542A5C222A5BC2008B90B0 /* LELinkerHandler.h */ = {isa = PBXFileReference; fileEncoding = 4; lastKnownFileType = sourcecode.c.h; path = LELinkerHandler.h; sourceTree = "<group>"; };
		8D542A5D222A5BC2008B90B0 /* LELoginAuthManager.h */ = {isa = PBXFileReference; fileEncoding = 4; lastKnownFileType = sourcecode.c.h; path = LELoginAuthManager.h; sourceTree = "<group>"; };
		8D542A7F222A5DDD008B90B0 /* SysMarco.h */ = {isa = PBXFileReference; fileEncoding = 4; lastKnownFileType = sourcecode.c.h; path = SysMarco.h; sourceTree = "<group>"; };
		8D542A82222A66A5008B90B0 /* LLLoginViewController.h */ = {isa = PBXFileReference; lastKnownFileType = sourcecode.c.h; path = LLLoginViewController.h; sourceTree = "<group>"; };
		8D542A83222A66A5008B90B0 /* LLLoginViewController.m */ = {isa = PBXFileReference; lastKnownFileType = sourcecode.c.objc; path = LLLoginViewController.m; sourceTree = "<group>"; };
		8D542A84222A66A5008B90B0 /* LLLoginViewController.xib */ = {isa = PBXFileReference; lastKnownFileType = file.xib; path = LLLoginViewController.xib; sourceTree = "<group>"; };
		8D58D4B32226355900803985 /* Beehive.app */ = {isa = PBXFileReference; explicitFileType = wrapper.application; includeInIndex = 0; path = Beehive.app; sourceTree = BUILT_PRODUCTS_DIR; };
		8D58D4B62226355900803985 /* AppDelegate.h */ = {isa = PBXFileReference; lastKnownFileType = sourcecode.c.h; path = AppDelegate.h; sourceTree = "<group>"; };
		8D58D4B72226355900803985 /* AppDelegate.m */ = {isa = PBXFileReference; lastKnownFileType = sourcecode.c.objc; path = AppDelegate.m; sourceTree = "<group>"; };
		8D58D4B92226355900803985 /* ViewController.h */ = {isa = PBXFileReference; lastKnownFileType = sourcecode.c.h; path = ViewController.h; sourceTree = "<group>"; };
		8D58D4BA2226355900803985 /* ViewController.m */ = {isa = PBXFileReference; lastKnownFileType = sourcecode.c.objc; path = ViewController.m; sourceTree = "<group>"; };
		8D58D4BD2226355900803985 /* Base */ = {isa = PBXFileReference; lastKnownFileType = file.storyboard; name = Base; path = Base.lproj/Main.storyboard; sourceTree = "<group>"; };
		8D58D4BF2226355B00803985 /* Assets.xcassets */ = {isa = PBXFileReference; lastKnownFileType = folder.assetcatalog; path = Assets.xcassets; sourceTree = "<group>"; };
		8D58D4C22226355B00803985 /* Base */ = {isa = PBXFileReference; lastKnownFileType = file.storyboard; name = Base; path = Base.lproj/LaunchScreen.storyboard; sourceTree = "<group>"; };
		8D58D4C42226355B00803985 /* Info.plist */ = {isa = PBXFileReference; lastKnownFileType = text.plist.xml; path = Info.plist; sourceTree = "<group>"; };
		8D58D4C52226355B00803985 /* main.m */ = {isa = PBXFileReference; lastKnownFileType = sourcecode.c.objc; path = main.m; sourceTree = "<group>"; };
		8D58D4CB2226355B00803985 /* BeehiveTests.xctest */ = {isa = PBXFileReference; explicitFileType = wrapper.cfbundle; includeInIndex = 0; path = BeehiveTests.xctest; sourceTree = BUILT_PRODUCTS_DIR; };
		8D58D4CF2226355B00803985 /* BeehiveTests.m */ = {isa = PBXFileReference; lastKnownFileType = sourcecode.c.objc; path = BeehiveTests.m; sourceTree = "<group>"; };
		8D58D4D12226355B00803985 /* Info.plist */ = {isa = PBXFileReference; lastKnownFileType = text.plist.xml; path = Info.plist; sourceTree = "<group>"; };
		8D58D4D62226355B00803985 /* BeehiveUITests.xctest */ = {isa = PBXFileReference; explicitFileType = wrapper.cfbundle; includeInIndex = 0; path = BeehiveUITests.xctest; sourceTree = BUILT_PRODUCTS_DIR; };
		8D58D4DA2226355B00803985 /* BeehiveUITests.m */ = {isa = PBXFileReference; lastKnownFileType = sourcecode.c.objc; path = BeehiveUITests.m; sourceTree = "<group>"; };
		8D58D4DC2226355B00803985 /* Info.plist */ = {isa = PBXFileReference; lastKnownFileType = text.plist.xml; path = Info.plist; sourceTree = "<group>"; };
		8D79E4D0222672A20019A1BE /* LLTabBarViewController.h */ = {isa = PBXFileReference; lastKnownFileType = sourcecode.c.h; path = LLTabBarViewController.h; sourceTree = "<group>"; };
		8D79E4D1222672A20019A1BE /* LLTabBarViewController.m */ = {isa = PBXFileReference; lastKnownFileType = sourcecode.c.objc; path = LLTabBarViewController.m; sourceTree = "<group>"; };
		8D79E4D3222672CA0019A1BE /* LLNavigationController.h */ = {isa = PBXFileReference; lastKnownFileType = sourcecode.c.h; path = LLNavigationController.h; sourceTree = "<group>"; };
		8D79E4D4222672CA0019A1BE /* LLNavigationController.m */ = {isa = PBXFileReference; lastKnownFileType = sourcecode.c.objc; path = LLNavigationController.m; sourceTree = "<group>"; };
		8D79E4D62226748D0019A1BE /* LLBaseViewController.h */ = {isa = PBXFileReference; lastKnownFileType = sourcecode.c.h; path = LLBaseViewController.h; sourceTree = "<group>"; };
		8D79E4D72226748D0019A1BE /* LLBaseViewController.m */ = {isa = PBXFileReference; lastKnownFileType = sourcecode.c.objc; path = LLBaseViewController.m; sourceTree = "<group>"; };
		8D79E4D9222676E20019A1BE /* LLBeeHomeViewController.h */ = {isa = PBXFileReference; lastKnownFileType = sourcecode.c.h; path = LLBeeHomeViewController.h; sourceTree = "<group>"; };
		8D79E4DA222676E20019A1BE /* LLBeeHomeViewController.m */ = {isa = PBXFileReference; lastKnownFileType = sourcecode.c.objc; path = LLBeeHomeViewController.m; sourceTree = "<group>"; };
		8D79E4DB222676E20019A1BE /* LLBeeHomeViewController.xib */ = {isa = PBXFileReference; lastKnownFileType = file.xib; path = LLBeeHomeViewController.xib; sourceTree = "<group>"; };
		8D79E4DE222676FC0019A1BE /* LLBeeMineViewController.h */ = {isa = PBXFileReference; lastKnownFileType = sourcecode.c.h; path = LLBeeMineViewController.h; sourceTree = "<group>"; };
		8D79E4DF222676FC0019A1BE /* LLBeeMineViewController.m */ = {isa = PBXFileReference; lastKnownFileType = sourcecode.c.objc; path = LLBeeMineViewController.m; sourceTree = "<group>"; };
		8D79E4E0222676FC0019A1BE /* LLBeeMineViewController.xib */ = {isa = PBXFileReference; lastKnownFileType = file.xib; path = LLBeeMineViewController.xib; sourceTree = "<group>"; };
		8DCC9AAB222B71F200AC3128 /* LLRedRuleViewController.h */ = {isa = PBXFileReference; lastKnownFileType = sourcecode.c.h; path = LLRedRuleViewController.h; sourceTree = "<group>"; };
		8DCC9AAC222B71F200AC3128 /* LLRedRuleViewController.m */ = {isa = PBXFileReference; lastKnownFileType = sourcecode.c.objc; path = LLRedRuleViewController.m; sourceTree = "<group>"; };
		8DCC9AAD222B71F200AC3128 /* LLRedRuleViewController.xib */ = {isa = PBXFileReference; lastKnownFileType = file.xib; path = LLRedRuleViewController.xib; sourceTree = "<group>"; };
		8DCC9AB4222B7D5700AC3128 /* LLView.h */ = {isa = PBXFileReference; lastKnownFileType = sourcecode.c.h; path = LLView.h; sourceTree = "<group>"; };
		8DCC9AB5222B7D5700AC3128 /* LLView.m */ = {isa = PBXFileReference; lastKnownFileType = sourcecode.c.objc; path = LLView.m; sourceTree = "<group>"; };
		8DCC9AB7222B810900AC3128 /* LLCollectionView.h */ = {isa = PBXFileReference; lastKnownFileType = sourcecode.c.h; path = LLCollectionView.h; sourceTree = "<group>"; };
		8DCC9AB8222B810900AC3128 /* LLCollectionView.m */ = {isa = PBXFileReference; lastKnownFileType = sourcecode.c.objc; path = LLCollectionView.m; sourceTree = "<group>"; };
		8DCC9ABA222B812E00AC3128 /* LLCollectionViewCell.h */ = {isa = PBXFileReference; lastKnownFileType = sourcecode.c.h; path = LLCollectionViewCell.h; sourceTree = "<group>"; };
		8DCC9ABB222B812E00AC3128 /* LLCollectionViewCell.m */ = {isa = PBXFileReference; lastKnownFileType = sourcecode.c.objc; path = LLCollectionViewCell.m; sourceTree = "<group>"; };
		8DCC9ABD222B814D00AC3128 /* LLTableView.h */ = {isa = PBXFileReference; lastKnownFileType = sourcecode.c.h; path = LLTableView.h; sourceTree = "<group>"; };
		8DCC9ABE222B814D00AC3128 /* LLTableView.m */ = {isa = PBXFileReference; lastKnownFileType = sourcecode.c.objc; path = LLTableView.m; sourceTree = "<group>"; };
		8DCC9AC0222B815E00AC3128 /* LLTableViewCell.h */ = {isa = PBXFileReference; lastKnownFileType = sourcecode.c.h; path = LLTableViewCell.h; sourceTree = "<group>"; };
		8DCC9AC1222B815E00AC3128 /* LLTableViewCell.m */ = {isa = PBXFileReference; lastKnownFileType = sourcecode.c.objc; path = LLTableViewCell.m; sourceTree = "<group>"; };
		8DCC9AC3222B835000AC3128 /* LLCityOptionHeaderView.h */ = {isa = PBXFileReference; lastKnownFileType = sourcecode.c.h; path = LLCityOptionHeaderView.h; sourceTree = "<group>"; };
		8DCC9AC4222B835000AC3128 /* LLCityOptionHeaderView.m */ = {isa = PBXFileReference; lastKnownFileType = sourcecode.c.objc; path = LLCityOptionHeaderView.m; sourceTree = "<group>"; };
		8DCC9AC6222BF81A00AC3128 /* LLCityOptionCollectionViewCell.h */ = {isa = PBXFileReference; lastKnownFileType = sourcecode.c.h; path = LLCityOptionCollectionViewCell.h; sourceTree = "<group>"; };
		8DCC9AC7222BF81A00AC3128 /* LLCityOptionCollectionViewCell.m */ = {isa = PBXFileReference; lastKnownFileType = sourcecode.c.objc; path = LLCityOptionCollectionViewCell.m; sourceTree = "<group>"; };
		8DCC9AC8222BF81A00AC3128 /* LLCityOptionCollectionViewCell.xib */ = {isa = PBXFileReference; lastKnownFileType = file.xib; path = LLCityOptionCollectionViewCell.xib; sourceTree = "<group>"; };
		8DD290D72228D72200E4338D /* UIViewController+LLNavigationBar.h */ = {isa = PBXFileReference; lastKnownFileType = sourcecode.c.h; path = "UIViewController+LLNavigationBar.h"; sourceTree = "<group>"; };
		8DD290D82228D72200E4338D /* UIViewController+LLNavigationBar.m */ = {isa = PBXFileReference; lastKnownFileType = sourcecode.c.objc; path = "UIViewController+LLNavigationBar.m"; sourceTree = "<group>"; };
		8DD290E02229442D00E4338D /* NSObject+LLRuntime.h */ = {isa = PBXFileReference; lastKnownFileType = sourcecode.c.h; path = "NSObject+LLRuntime.h"; sourceTree = "<group>"; };
		8DD290E12229442D00E4338D /* NSObject+LLRuntime.m */ = {isa = PBXFileReference; lastKnownFileType = sourcecode.c.objc; path = "NSObject+LLRuntime.m"; sourceTree = "<group>"; };
		8DD290E32229450D00E4338D /* UINavigationBar+LLFixSpace.h */ = {isa = PBXFileReference; lastKnownFileType = sourcecode.c.h; path = "UINavigationBar+LLFixSpace.h"; sourceTree = "<group>"; };
		8DD290E42229450D00E4338D /* UINavigationBar+LLFixSpace.m */ = {isa = PBXFileReference; lastKnownFileType = sourcecode.c.objc; path = "UINavigationBar+LLFixSpace.m"; sourceTree = "<group>"; };
		8DE588562227A4B3002C1576 /* LLBeeMessageViewController.h */ = {isa = PBXFileReference; lastKnownFileType = sourcecode.c.h; path = LLBeeMessageViewController.h; sourceTree = "<group>"; };
		8DE588572227A4B3002C1576 /* LLBeeMessageViewController.m */ = {isa = PBXFileReference; lastKnownFileType = sourcecode.c.objc; path = LLBeeMessageViewController.m; sourceTree = "<group>"; };
		8DE588582227A4B3002C1576 /* LLBeeMessageViewController.xib */ = {isa = PBXFileReference; lastKnownFileType = file.xib; path = LLBeeMessageViewController.xib; sourceTree = "<group>"; };
		8DE5885B2227A4CC002C1576 /* LLBeeRankingViewController.h */ = {isa = PBXFileReference; lastKnownFileType = sourcecode.c.h; path = LLBeeRankingViewController.h; sourceTree = "<group>"; };
		8DE5885C2227A4CC002C1576 /* LLBeeRankingViewController.m */ = {isa = PBXFileReference; lastKnownFileType = sourcecode.c.objc; path = LLBeeRankingViewController.m; sourceTree = "<group>"; };
		8DE5885D2227A4CC002C1576 /* LLBeeRankingViewController.xib */ = {isa = PBXFileReference; lastKnownFileType = file.xib; path = LLBeeRankingViewController.xib; sourceTree = "<group>"; };
		8DE588602227AD82002C1576 /* LLPlusButton.h */ = {isa = PBXFileReference; lastKnownFileType = sourcecode.c.h; path = LLPlusButton.h; sourceTree = "<group>"; };
		8DE588612227AD82002C1576 /* LLPlusButton.m */ = {isa = PBXFileReference; lastKnownFileType = sourcecode.c.objc; path = LLPlusButton.m; sourceTree = "<group>"; };
		8DE588652227C76E002C1576 /* Beehive-Bridging-Header.h */ = {isa = PBXFileReference; lastKnownFileType = sourcecode.c.h; path = "Beehive-Bridging-Header.h"; sourceTree = "<group>"; };
		8DE588662227C76F002C1576 /* FontConst.swift */ = {isa = PBXFileReference; lastKnownFileType = sourcecode.swift; path = FontConst.swift; sourceTree = "<group>"; };
		8DE588682227EC97002C1576 /* PrefixHeader.pch */ = {isa = PBXFileReference; lastKnownFileType = sourcecode.c.h; path = PrefixHeader.pch; sourceTree = "<group>"; };
		A64954C5C3CAB5F3221F123D /* Pods-BeehiveTests.debug.xcconfig */ = {isa = PBXFileReference; includeInIndex = 1; lastKnownFileType = text.xcconfig; name = "Pods-BeehiveTests.debug.xcconfig"; path = "Pods/Target Support Files/Pods-BeehiveTests/Pods-BeehiveTests.debug.xcconfig"; sourceTree = "<group>"; };
		A98A37B880E16C6C709CB88A /* Pods_BeehiveTests.framework */ = {isa = PBXFileReference; explicitFileType = wrapper.framework; includeInIndex = 0; path = Pods_BeehiveTests.framework; sourceTree = BUILT_PRODUCTS_DIR; };
		BA9C64AC55444CFD230537D9 /* Pods_Beehive.framework */ = {isa = PBXFileReference; explicitFileType = wrapper.framework; includeInIndex = 0; path = Pods_Beehive.framework; sourceTree = BUILT_PRODUCTS_DIR; };
		D3B686826F27F039EC4B022E /* Pods-BeehiveUITests.release.xcconfig */ = {isa = PBXFileReference; includeInIndex = 1; lastKnownFileType = text.xcconfig; name = "Pods-BeehiveUITests.release.xcconfig"; path = "Pods/Target Support Files/Pods-BeehiveUITests/Pods-BeehiveUITests.release.xcconfig"; sourceTree = "<group>"; };
/* End PBXFileReference section */

/* Begin PBXFrameworksBuildPhase section */
		8D58D4B02226355900803985 /* Frameworks */ = {
			isa = PBXFrameworksBuildPhase;
			buildActionMask = 2147483647;
			files = (
				E0E531C080DEB8E8705299CF /* Pods_Beehive.framework in Frameworks */,
			);
			runOnlyForDeploymentPostprocessing = 0;
		};
		8D58D4C82226355B00803985 /* Frameworks */ = {
			isa = PBXFrameworksBuildPhase;
			buildActionMask = 2147483647;
			files = (
				A78A3C5E8FBF200497ED12F0 /* Pods_BeehiveTests.framework in Frameworks */,
			);
			runOnlyForDeploymentPostprocessing = 0;
		};
		8D58D4D32226355B00803985 /* Frameworks */ = {
			isa = PBXFrameworksBuildPhase;
			buildActionMask = 2147483647;
			files = (
				BE3EF924D54032F1DFDF5383 /* Pods_BeehiveUITests.framework in Frameworks */,
			);
			runOnlyForDeploymentPostprocessing = 0;
		};
/* End PBXFrameworksBuildPhase section */

/* Begin PBXGroup section */
		1721F9D9E09FF190737BAB62 /* Frameworks */ = {
			isa = PBXGroup;
			children = (
				BA9C64AC55444CFD230537D9 /* Pods_Beehive.framework */,
				A98A37B880E16C6C709CB88A /* Pods_BeehiveTests.framework */,
				0DB97A8E569F793FB5ABD125 /* Pods_BeehiveUITests.framework */,
			);
			name = Frameworks;
			sourceTree = "<group>";
		};
		8D542A0B222A5BC1008B90B0 /* Base */ = {
			isa = PBXGroup;
			children = (
				8DCC9AB3222B7D2400AC3128 /* Views */,
				8D79E4D62226748D0019A1BE /* LLBaseViewController.h */,
				8D79E4D72226748D0019A1BE /* LLBaseViewController.m */,
				8D542A10222A5BC1008B90B0 /* LESuperTableViewController.h */,
				8D542A0D222A5BC1008B90B0 /* LESuperTableViewController.m */,
				8D79E4D3222672CA0019A1BE /* LLNavigationController.h */,
				8D79E4D4222672CA0019A1BE /* LLNavigationController.m */,
				8DD290D72228D72200E4338D /* UIViewController+LLNavigationBar.h */,
				8DD290D82228D72200E4338D /* UIViewController+LLNavigationBar.m */,
				8DD290E02229442D00E4338D /* NSObject+LLRuntime.h */,
				8DD290E12229442D00E4338D /* NSObject+LLRuntime.m */,
				8DD290E32229450D00E4338D /* UINavigationBar+LLFixSpace.h */,
				8DD290E42229450D00E4338D /* UINavigationBar+LLFixSpace.m */,
			);
			path = Base;
			sourceTree = "<group>";
		};
		8D542A12222A5BC2008B90B0 /* Network */ = {
			isa = PBXGroup;
			children = (
				8D542A16222A5BC2008B90B0 /* Resources */,
				8D542A18222A5BC2008B90B0 /* WYNetWorkExceptionHandling.h */,
				8D542A13222A5BC2008B90B0 /* WYNetWorkExceptionHandling.m */,
				8D542A1A222A5BC2008B90B0 /* WYNetworkHeader.h */,
				8D542A15222A5BC2008B90B0 /* WYAPIGenerate.h */,
				8D542A1B222A5BC2008B90B0 /* WYAPIGenerate.m */,
				8D542A19222A5BC2008B90B0 /* WYNetWorkManager.h */,
				8D542A14222A5BC2008B90B0 /* WYNetWorkManager.m */,
			);
			path = Network;
			sourceTree = "<group>";
		};
		8D542A16222A5BC2008B90B0 /* Resources */ = {
			isa = PBXGroup;
			children = (
				8D542A17222A5BC2008B90B0 /* NetWorkConfig.json */,
			);
			path = Resources;
			sourceTree = "<group>";
		};
		8D542A1C222A5BC2008B90B0 /* Public */ = {
			isa = PBXGroup;
			children = (
				8D542A1D222A5BC2008B90B0 /* Common */,
				8D542A3B222A5BC2008B90B0 /* Login */,
			);
			path = Public;
			sourceTree = "<group>";
		};
		8D542A1D222A5BC2008B90B0 /* Common */ = {
			isa = PBXGroup;
			children = (
				8D542A1E222A5BC2008B90B0 /* LEButton */,
				8D542A21222A5BC2008B90B0 /* WYActionSheetWithBlock */,
				8D542A26222A5BC2008B90B0 /* LEMenuView */,
				8D542A29222A5BC2008B90B0 /* LESearchBar */,
				8D542A2C222A5BC2008B90B0 /* LEWebView */,
				8D542A2F222A5BC2008B90B0 /* LEShareSheetView */,
				8D542A36222A5BC2008B90B0 /* LERefresh */,
			);
			path = Common;
			sourceTree = "<group>";
		};
		8D542A1E222A5BC2008B90B0 /* LEButton */ = {
			isa = PBXGroup;
			children = (
				8D542A1F222A5BC2008B90B0 /* HotUpButton.h */,
				8D542A20222A5BC2008B90B0 /* HotUpButton.m */,
			);
			path = LEButton;
			sourceTree = "<group>";
		};
		8D542A21222A5BC2008B90B0 /* WYActionSheetWithBlock */ = {
			isa = PBXGroup;
			children = (
				8D542A22222A5BC2008B90B0 /* WYActionSheet.m */,
				8D542A23222A5BC2008B90B0 /* WYCustomActionSheet.h */,
				8D542A24222A5BC2008B90B0 /* WYActionSheet.h */,
				8D542A25222A5BC2008B90B0 /* WYCustomActionSheet.m */,
			);
			path = WYActionSheetWithBlock;
			sourceTree = "<group>";
		};
		8D542A26222A5BC2008B90B0 /* LEMenuView */ = {
			isa = PBXGroup;
			children = (
				8D542A27222A5BC2008B90B0 /* LEMenuView.m */,
				8D542A28222A5BC2008B90B0 /* LEMenuView.h */,
			);
			path = LEMenuView;
			sourceTree = "<group>";
		};
		8D542A29222A5BC2008B90B0 /* LESearchBar */ = {
			isa = PBXGroup;
			children = (
				8D542A2A222A5BC2008B90B0 /* LESearchBar.m */,
				8D542A2B222A5BC2008B90B0 /* LESearchBar.h */,
			);
			path = LESearchBar;
			sourceTree = "<group>";
		};
		8D542A2C222A5BC2008B90B0 /* LEWebView */ = {
			isa = PBXGroup;
			children = (
				8D542A2D222A5BC2008B90B0 /* LEWebViewController.m */,
				8D542A2E222A5BC2008B90B0 /* LEWebViewController.h */,
			);
			path = LEWebView;
			sourceTree = "<group>";
		};
		8D542A2F222A5BC2008B90B0 /* LEShareSheetView */ = {
			isa = PBXGroup;
			children = (
				8D542A30222A5BC2008B90B0 /* LEShareModel.h */,
				8D542A31222A5BC2008B90B0 /* LEShareWindow.h */,
				8D542A32222A5BC2008B90B0 /* LEShareSheetView.h */,
				8D542A33222A5BC2008B90B0 /* LEShareModel.m */,
				8D542A34222A5BC2008B90B0 /* LEShareWindow.m */,
				8D542A35222A5BC2008B90B0 /* LEShareSheetView.m */,
			);
			path = LEShareSheetView;
			sourceTree = "<group>";
		};
		8D542A36222A5BC2008B90B0 /* LERefresh */ = {
			isa = PBXGroup;
			children = (
				8D542A37222A5BC2008B90B0 /* LERefreshHeader.m */,
				8D542A38222A5BC2008B90B0 /* LERefreshFooter.m */,
				8D542A39222A5BC2008B90B0 /* LERefreshFooter.h */,
				8D542A3A222A5BC2008B90B0 /* LERefreshHeader.h */,
			);
			path = LERefresh;
			sourceTree = "<group>";
		};
		8D542A3B222A5BC2008B90B0 /* Login */ = {
			isa = PBXGroup;
			children = (
				8D542A42222A5BC2008B90B0 /* LELoginManager.h */,
				8D542A3D222A5BC2008B90B0 /* LELoginManager.m */,
				8D542A3E222A5BC2008B90B0 /* LELoginUserManager.h */,
				8D542A3C222A5BC2008B90B0 /* LELoginUserManager.m */,
				8D542A3F222A5BC2008B90B0 /* Model */,
			);
			path = Login;
			sourceTree = "<group>";
		};
		8D542A3F222A5BC2008B90B0 /* Model */ = {
			isa = PBXGroup;
			children = (
				8D542A41222A5BC2008B90B0 /* LELoginModel.h */,
				8D542A40222A5BC2008B90B0 /* LELoginModel.m */,
			);
			path = Model;
			sourceTree = "<group>";
		};
		8D542A43222A5BC2008B90B0 /* Utils */ = {
			isa = PBXGroup;
			children = (
				8D542A7F222A5DDD008B90B0 /* SysMarco.h */,
				8D542A50222A5BC2008B90B0 /* WYCommonUtils.h */,
				8D542A4A222A5BC2008B90B0 /* WYCommonUtils.m */,
				8D542A4B222A5BC2008B90B0 /* PathHelper.h */,
				8D542A46222A5BC2008B90B0 /* PathHelper.m */,
				8D542A47222A5BC2008B90B0 /* YTCache.h */,
				8D542A4E222A5BC2008B90B0 /* YTCache.m */,
				8D542A4D222A5BC2008B90B0 /* SVProgressHUD+LETools.h */,
				8D542A45222A5BC2008B90B0 /* SVProgressHUD+LETools.m */,
				8D542A48222A5BC2008B90B0 /* MBProgressHUD+LETools.h */,
				8D542A4F222A5BC2008B90B0 /* MBProgressHUD+LETools.m */,
				8D542A44222A5BC2008B90B0 /* UIImage+LEAdd.h */,
				8D542A4C222A5BC2008B90B0 /* UIImage+LEAdd.m */,
				8D542A49222A5BC2008B90B0 /* UIImage+ProportionalFill.h */,
				8D542A51222A5BC2008B90B0 /* UIImage+ProportionalFill.m */,
				8DE588662227C76F002C1576 /* FontConst.swift */,
			);
			path = Utils;
			sourceTree = "<group>";
		};
		8D542A52222A5BC2008B90B0 /* Model */ = {
			isa = PBXGroup;
			children = (
				8D542A54222A5BC2008B90B0 /* LEBaseModel.h */,
				8D542A53222A5BC2008B90B0 /* LEBaseModel.m */,
			);
			path = Model;
			sourceTree = "<group>";
		};
		8D542A55222A5BC2008B90B0 /* Manager */ = {
			isa = PBXGroup;
			children = (
				8D542A5A222A5BC2008B90B0 /* WYShareManager.h */,
				8D542A56222A5BC2008B90B0 /* WYShareManager.m */,
				8D542A57222A5BC2008B90B0 /* LEDataStoreManager.h */,
				8D542A5B222A5BC2008B90B0 /* LEDataStoreManager.m */,
				8D542A5D222A5BC2008B90B0 /* LELoginAuthManager.h */,
				8D542A58222A5BC2008B90B0 /* LELoginAuthManager.m */,
				8D542A5C222A5BC2008B90B0 /* LELinkerHandler.h */,
				8D542A59222A5BC2008B90B0 /* LELinkerHandler.m */,
			);
			path = Manager;
			sourceTree = "<group>";
		};
		8D542A80222A6602008B90B0 /* Info */ = {
			isa = PBXGroup;
			children = (
				8D542A81222A662B008B90B0 /* Controller */,
			);
			path = Info;
			sourceTree = "<group>";
		};
		8D542A81222A662B008B90B0 /* Controller */ = {
			isa = PBXGroup;
			children = (
				8D542A82222A66A5008B90B0 /* LLLoginViewController.h */,
				8D542A83222A66A5008B90B0 /* LLLoginViewController.m */,
				8D542A84222A66A5008B90B0 /* LLLoginViewController.xib */,
			);
			path = Controller;
			sourceTree = "<group>";
		};
		8D58D4AA2226355900803985 = {
			isa = PBXGroup;
			children = (
				8D58D4B52226355900803985 /* Beehive */,
				8D58D4CE2226355B00803985 /* BeehiveTests */,
				8D58D4D92226355B00803985 /* BeehiveUITests */,
				8D58D4B42226355900803985 /* Products */,
				C56CAB9DFE086D770962AA2C /* Pods */,
				1721F9D9E09FF190737BAB62 /* Frameworks */,
			);
			sourceTree = "<group>";
		};
		8D58D4B42226355900803985 /* Products */ = {
			isa = PBXGroup;
			children = (
				8D58D4B32226355900803985 /* Beehive.app */,
				8D58D4CB2226355B00803985 /* BeehiveTests.xctest */,
				8D58D4D62226355B00803985 /* BeehiveUITests.xctest */,
			);
			name = Products;
			sourceTree = "<group>";
		};
		8D58D4B52226355900803985 /* Beehive */ = {
			isa = PBXGroup;
			children = (
				8DE588632227C527002C1576 /* LLCore */,
				8D79E4C822266ECC0019A1BE /* AppDelegate */,
				8D79E4CA22266F4A0019A1BE /* Classes */,
				8D79E4C922266EDD0019A1BE /* Resources */,
				8D58D4B92226355900803985 /* ViewController.h */,
				8D58D4BA2226355900803985 /* ViewController.m */,
				8D58D4BC2226355900803985 /* Main.storyboard */,
				8D58D4C12226355B00803985 /* LaunchScreen.storyboard */,
				8D58D4C42226355B00803985 /* Info.plist */,
				8D58D4C52226355B00803985 /* main.m */,
				8DE588682227EC97002C1576 /* PrefixHeader.pch */,
			);
			path = Beehive;
			sourceTree = "<group>";
		};
		8D58D4CE2226355B00803985 /* BeehiveTests */ = {
			isa = PBXGroup;
			children = (
				8D58D4CF2226355B00803985 /* BeehiveTests.m */,
				8D58D4D12226355B00803985 /* Info.plist */,
			);
			path = BeehiveTests;
			sourceTree = "<group>";
		};
		8D58D4D92226355B00803985 /* BeehiveUITests */ = {
			isa = PBXGroup;
			children = (
				8D58D4DA2226355B00803985 /* BeehiveUITests.m */,
				8D58D4DC2226355B00803985 /* Info.plist */,
			);
			path = BeehiveUITests;
			sourceTree = "<group>";
		};
		8D79E4C822266ECC0019A1BE /* AppDelegate */ = {
			isa = PBXGroup;
			children = (
				8D58D4B62226355900803985 /* AppDelegate.h */,
				8D58D4B72226355900803985 /* AppDelegate.m */,
				8DE588652227C76E002C1576 /* Beehive-Bridging-Header.h */,
			);
			path = AppDelegate;
			sourceTree = "<group>";
		};
		8D79E4C922266EDD0019A1BE /* Resources */ = {
			isa = PBXGroup;
			children = (
				8D58D4BF2226355B00803985 /* Assets.xcassets */,
			);
			path = Resources;
			sourceTree = "<group>";
		};
		8D79E4CA22266F4A0019A1BE /* Classes */ = {
			isa = PBXGroup;
			children = (
				8D79E4CB222670090019A1BE /* Modules */,
				8D79E4CC222670200019A1BE /* Common */,
			);
			path = Classes;
			sourceTree = "<group>";
		};
		8D79E4CB222670090019A1BE /* Modules */ = {
			isa = PBXGroup;
			children = (
				8D79E4CD222670400019A1BE /* Home */,
				8DE588552227A476002C1576 /* Ranking */,
				8DE588542227A45C002C1576 /* Message */,
				8D79E4CE2226704C0019A1BE /* Mine */,
			);
			path = Modules;
			sourceTree = "<group>";
		};
		8D79E4CC222670200019A1BE /* Common */ = {
			isa = PBXGroup;
			children = (
				8D79E4CF222672130019A1BE /* Base */,
			);
			path = Common;
			sourceTree = "<group>";
		};
		8D79E4CD222670400019A1BE /* Home */ = {
			isa = PBXGroup;
			children = (
				8DCC9AAA222B719100AC3128 /* Redpacket */,
				8DCC9AB1222B77F200AC3128 /* View */,
				8DCC9AB2222B780700AC3128 /* Model */,
				8D79E4D9222676E20019A1BE /* LLBeeHomeViewController.h */,
				8D79E4DA222676E20019A1BE /* LLBeeHomeViewController.m */,
				8D79E4DB222676E20019A1BE /* LLBeeHomeViewController.xib */,
			);
			path = Home;
			sourceTree = "<group>";
		};
		8D79E4CE2226704C0019A1BE /* Mine */ = {
			isa = PBXGroup;
			children = (
				8D542A80222A6602008B90B0 /* Info */,
				8D79E4DE222676FC0019A1BE /* LLBeeMineViewController.h */,
				8D79E4DF222676FC0019A1BE /* LLBeeMineViewController.m */,
				8D79E4E0222676FC0019A1BE /* LLBeeMineViewController.xib */,
			);
			path = Mine;
			sourceTree = "<group>";
		};
		8D79E4CF222672130019A1BE /* Base */ = {
			isa = PBXGroup;
			children = (
				8D79E4D0222672A20019A1BE /* LLTabBarViewController.h */,
				8D79E4D1222672A20019A1BE /* LLTabBarViewController.m */,
				8DE588602227AD82002C1576 /* LLPlusButton.h */,
				8DE588612227AD82002C1576 /* LLPlusButton.m */,
			);
			path = Base;
			sourceTree = "<group>";
		};
		8DCC9AAA222B719100AC3128 /* Redpacket */ = {
			isa = PBXGroup;
			children = (
				8DCC9AB0222B77D600AC3128 /* Controller */,
			);
			path = Redpacket;
			sourceTree = "<group>";
		};
		8DCC9AB0222B77D600AC3128 /* Controller */ = {
			isa = PBXGroup;
			children = (
				8DCC9AAB222B71F200AC3128 /* LLRedRuleViewController.h */,
				8DCC9AAC222B71F200AC3128 /* LLRedRuleViewController.m */,
				8DCC9AAD222B71F200AC3128 /* LLRedRuleViewController.xib */,
			);
			path = Controller;
			sourceTree = "<group>";
		};
		8DCC9AB1222B77F200AC3128 /* View */ = {
			isa = PBXGroup;
			children = (
				8DCC9AC3222B835000AC3128 /* LLCityOptionHeaderView.h */,
				8DCC9AC4222B835000AC3128 /* LLCityOptionHeaderView.m */,
				8DCC9AC6222BF81A00AC3128 /* LLCityOptionCollectionViewCell.h */,
				8DCC9AC7222BF81A00AC3128 /* LLCityOptionCollectionViewCell.m */,
				8DCC9AC8222BF81A00AC3128 /* LLCityOptionCollectionViewCell.xib */,
			);
			path = View;
			sourceTree = "<group>";
		};
		8DCC9AB2222B780700AC3128 /* Model */ = {
			isa = PBXGroup;
			children = (
			);
			path = Model;
			sourceTree = "<group>";
		};
		8DCC9AB3222B7D2400AC3128 /* Views */ = {
			isa = PBXGroup;
			children = (
				8DCC9AB4222B7D5700AC3128 /* LLView.h */,
				8DCC9AB5222B7D5700AC3128 /* LLView.m */,
				8DCC9AB7222B810900AC3128 /* LLCollectionView.h */,
				8DCC9AB8222B810900AC3128 /* LLCollectionView.m */,
				8DCC9ABA222B812E00AC3128 /* LLCollectionViewCell.h */,
				8DCC9ABB222B812E00AC3128 /* LLCollectionViewCell.m */,
				8DCC9ABD222B814D00AC3128 /* LLTableView.h */,
				8DCC9ABE222B814D00AC3128 /* LLTableView.m */,
				8DCC9AC0222B815E00AC3128 /* LLTableViewCell.h */,
				8DCC9AC1222B815E00AC3128 /* LLTableViewCell.m */,
			);
			path = Views;
			sourceTree = "<group>";
		};
		8DE588542227A45C002C1576 /* Message */ = {
			isa = PBXGroup;
			children = (
				8DE588562227A4B3002C1576 /* LLBeeMessageViewController.h */,
				8DE588572227A4B3002C1576 /* LLBeeMessageViewController.m */,
				8DE588582227A4B3002C1576 /* LLBeeMessageViewController.xib */,
			);
			path = Message;
			sourceTree = "<group>";
		};
		8DE588552227A476002C1576 /* Ranking */ = {
			isa = PBXGroup;
			children = (
				8DE5885B2227A4CC002C1576 /* LLBeeRankingViewController.h */,
				8DE5885C2227A4CC002C1576 /* LLBeeRankingViewController.m */,
				8DE5885D2227A4CC002C1576 /* LLBeeRankingViewController.xib */,
			);
			path = Ranking;
			sourceTree = "<group>";
		};
		8DE588632227C527002C1576 /* LLCore */ = {
			isa = PBXGroup;
			children = (
				8D542A0B222A5BC1008B90B0 /* Base */,
				8D542A55222A5BC2008B90B0 /* Manager */,
				8D542A52222A5BC2008B90B0 /* Model */,
				8D542A12222A5BC2008B90B0 /* Network */,
				8D542A1C222A5BC2008B90B0 /* Public */,
				8D542A43222A5BC2008B90B0 /* Utils */,
			);
			path = LLCore;
			sourceTree = "<group>";
		};
		C56CAB9DFE086D770962AA2C /* Pods */ = {
			isa = PBXGroup;
			children = (
				86AFFE00E0BD8677E897D9D1 /* Pods-Beehive.debug.xcconfig */,
				3E0B5B249A57781EFB56EA11 /* Pods-Beehive.release.xcconfig */,
				A64954C5C3CAB5F3221F123D /* Pods-BeehiveTests.debug.xcconfig */,
				4D6CFC789F3E2147740EF3C7 /* Pods-BeehiveTests.release.xcconfig */,
				20C25563243C0C0C3470C450 /* Pods-BeehiveUITests.debug.xcconfig */,
				D3B686826F27F039EC4B022E /* Pods-BeehiveUITests.release.xcconfig */,
			);
			name = Pods;
			sourceTree = "<group>";
		};
/* End PBXGroup section */

/* Begin PBXNativeTarget section */
		8D58D4B22226355900803985 /* Beehive */ = {
			isa = PBXNativeTarget;
			buildConfigurationList = 8D58D4DF2226355B00803985 /* Build configuration list for PBXNativeTarget "Beehive" */;
			buildPhases = (
				A1FE9E6F9FBF75E8DA8973BC /* [CP] Check Pods Manifest.lock */,
				8D58D4AF2226355900803985 /* Sources */,
				8D58D4B02226355900803985 /* Frameworks */,
				8D58D4B12226355900803985 /* Resources */,
				29616EE0C9F5B7236052014B /* [CP] Embed Pods Frameworks */,
				2F8EB37B2DBA75540CF5AE3A /* [CP] Copy Pods Resources */,
			);
			buildRules = (
			);
			dependencies = (
			);
			name = Beehive;
			productName = Beehive;
			productReference = 8D58D4B32226355900803985 /* Beehive.app */;
			productType = "com.apple.product-type.application";
		};
		8D58D4CA2226355B00803985 /* BeehiveTests */ = {
			isa = PBXNativeTarget;
			buildConfigurationList = 8D58D4E22226355B00803985 /* Build configuration list for PBXNativeTarget "BeehiveTests" */;
			buildPhases = (
				97EE1ED536773DBCC1FF86FA /* [CP] Check Pods Manifest.lock */,
				8D58D4C72226355B00803985 /* Sources */,
				8D58D4C82226355B00803985 /* Frameworks */,
				8D58D4C92226355B00803985 /* Resources */,
			);
			buildRules = (
			);
			dependencies = (
				8D58D4CD2226355B00803985 /* PBXTargetDependency */,
			);
			name = BeehiveTests;
			productName = BeehiveTests;
			productReference = 8D58D4CB2226355B00803985 /* BeehiveTests.xctest */;
			productType = "com.apple.product-type.bundle.unit-test";
		};
		8D58D4D52226355B00803985 /* BeehiveUITests */ = {
			isa = PBXNativeTarget;
			buildConfigurationList = 8D58D4E52226355B00803985 /* Build configuration list for PBXNativeTarget "BeehiveUITests" */;
			buildPhases = (
				31B3FD8076C7310E74BF8EBC /* [CP] Check Pods Manifest.lock */,
				8D58D4D22226355B00803985 /* Sources */,
				8D58D4D32226355B00803985 /* Frameworks */,
				8D58D4D42226355B00803985 /* Resources */,
			);
			buildRules = (
			);
			dependencies = (
				8D58D4D82226355B00803985 /* PBXTargetDependency */,
			);
			name = BeehiveUITests;
			productName = BeehiveUITests;
			productReference = 8D58D4D62226355B00803985 /* BeehiveUITests.xctest */;
			productType = "com.apple.product-type.bundle.ui-testing";
		};
/* End PBXNativeTarget section */

/* Begin PBXProject section */
		8D58D4AB2226355900803985 /* Project object */ = {
			isa = PBXProject;
			attributes = {
				LastUpgradeCheck = 1010;
				ORGANIZATIONNAME = Leejun;
				TargetAttributes = {
					8D58D4B22226355900803985 = {
						CreatedOnToolsVersion = 10.1;
						LastSwiftMigration = 1010;
					};
					8D58D4CA2226355B00803985 = {
						CreatedOnToolsVersion = 10.1;
						TestTargetID = 8D58D4B22226355900803985;
					};
					8D58D4D52226355B00803985 = {
						CreatedOnToolsVersion = 10.1;
						TestTargetID = 8D58D4B22226355900803985;
					};
				};
			};
			buildConfigurationList = 8D58D4AE2226355900803985 /* Build configuration list for PBXProject "Beehive" */;
			compatibilityVersion = "Xcode 9.3";
			developmentRegion = en;
			hasScannedForEncodings = 0;
			knownRegions = (
				en,
				Base,
			);
			mainGroup = 8D58D4AA2226355900803985;
			productRefGroup = 8D58D4B42226355900803985 /* Products */;
			projectDirPath = "";
			projectRoot = "";
			targets = (
				8D58D4B22226355900803985 /* Beehive */,
				8D58D4CA2226355B00803985 /* BeehiveTests */,
				8D58D4D52226355B00803985 /* BeehiveUITests */,
			);
		};
/* End PBXProject section */

/* Begin PBXResourcesBuildPhase section */
		8D58D4B12226355900803985 /* Resources */ = {
			isa = PBXResourcesBuildPhase;
			buildActionMask = 2147483647;
			files = (
				8D79E4DD222676E20019A1BE /* LLBeeHomeViewController.xib in Resources */,
				8DE5885F2227A4CC002C1576 /* LLBeeRankingViewController.xib in Resources */,
				8D542A63222A5BC2008B90B0 /* NetWorkConfig.json in Resources */,
				8DE5885A2227A4B3002C1576 /* LLBeeMessageViewController.xib in Resources */,
				8D542A86222A66A5008B90B0 /* LLLoginViewController.xib in Resources */,
				8D58D4C32226355B00803985 /* LaunchScreen.storyboard in Resources */,
				8DCC9AAF222B71F200AC3128 /* LLRedRuleViewController.xib in Resources */,
				8D58D4C02226355B00803985 /* Assets.xcassets in Resources */,
				8D58D4BE2226355900803985 /* Main.storyboard in Resources */,
				8DCC9ACA222BF81A00AC3128 /* LLCityOptionCollectionViewCell.xib in Resources */,
				8D79E4E2222676FC0019A1BE /* LLBeeMineViewController.xib in Resources */,
			);
			runOnlyForDeploymentPostprocessing = 0;
		};
		8D58D4C92226355B00803985 /* Resources */ = {
			isa = PBXResourcesBuildPhase;
			buildActionMask = 2147483647;
			files = (
			);
			runOnlyForDeploymentPostprocessing = 0;
		};
		8D58D4D42226355B00803985 /* Resources */ = {
			isa = PBXResourcesBuildPhase;
			buildActionMask = 2147483647;
			files = (
			);
			runOnlyForDeploymentPostprocessing = 0;
		};
/* End PBXResourcesBuildPhase section */

/* Begin PBXShellScriptBuildPhase section */
		29616EE0C9F5B7236052014B /* [CP] Embed Pods Frameworks */ = {
			isa = PBXShellScriptBuildPhase;
			buildActionMask = 2147483647;
			files = (
			);
			inputFileListPaths = (
			);
			inputPaths = (
				"${SRCROOT}/Pods/Target Support Files/Pods-Beehive/Pods-Beehive-frameworks.sh",
				"${BUILT_PRODUCTS_DIR}/AFNetworking/AFNetworking.framework",
				"${BUILT_PRODUCTS_DIR}/CYLTabBarController/CYLTabBarController.framework",
				"${BUILT_PRODUCTS_DIR}/JMRoundedCorner/JMRoundedCorner.framework",
				"${BUILT_PRODUCTS_DIR}/JSONModel/JSONModel.framework",
				"${BUILT_PRODUCTS_DIR}/MBProgressHUD/MBProgressHUD.framework",
				"${BUILT_PRODUCTS_DIR}/MJRefresh/MJRefresh.framework",
				"${BUILT_PRODUCTS_DIR}/Masonry/Masonry.framework",
				"${BUILT_PRODUCTS_DIR}/SDWebImage/SDWebImage.framework",
				"${BUILT_PRODUCTS_DIR}/SVProgressHUD/SVProgressHUD.framework",
				"${BUILT_PRODUCTS_DIR}/YYKit/YYKit.framework",
			);
			name = "[CP] Embed Pods Frameworks";
			outputFileListPaths = (
			);
			outputPaths = (
				"${TARGET_BUILD_DIR}/${FRAMEWORKS_FOLDER_PATH}/AFNetworking.framework",
				"${TARGET_BUILD_DIR}/${FRAMEWORKS_FOLDER_PATH}/CYLTabBarController.framework",
				"${TARGET_BUILD_DIR}/${FRAMEWORKS_FOLDER_PATH}/JMRoundedCorner.framework",
				"${TARGET_BUILD_DIR}/${FRAMEWORKS_FOLDER_PATH}/JSONModel.framework",
				"${TARGET_BUILD_DIR}/${FRAMEWORKS_FOLDER_PATH}/MBProgressHUD.framework",
				"${TARGET_BUILD_DIR}/${FRAMEWORKS_FOLDER_PATH}/MJRefresh.framework",
				"${TARGET_BUILD_DIR}/${FRAMEWORKS_FOLDER_PATH}/Masonry.framework",
				"${TARGET_BUILD_DIR}/${FRAMEWORKS_FOLDER_PATH}/SDWebImage.framework",
				"${TARGET_BUILD_DIR}/${FRAMEWORKS_FOLDER_PATH}/SVProgressHUD.framework",
				"${TARGET_BUILD_DIR}/${FRAMEWORKS_FOLDER_PATH}/YYKit.framework",
			);
			runOnlyForDeploymentPostprocessing = 0;
			shellPath = /bin/sh;
			shellScript = "\"${SRCROOT}/Pods/Target Support Files/Pods-Beehive/Pods-Beehive-frameworks.sh\"\n";
			showEnvVarsInLog = 0;
		};
		2F8EB37B2DBA75540CF5AE3A /* [CP] Copy Pods Resources */ = {
			isa = PBXShellScriptBuildPhase;
			buildActionMask = 2147483647;
			files = (
			);
			inputFileListPaths = (
			);
			inputPaths = (
				"${SRCROOT}/Pods/Target Support Files/Pods-Beehive/Pods-Beehive-resources.sh",
				"${PODS_ROOT}/UMengUShare/UShareSDK/UMSocialSDK/UMSocialSDKPromptResources.bundle",
				"${PODS_ROOT}/UMengUShare/UShareSDK/SocialLibraries/QQ/QQSDK/TencentOpenApi_IOS_Bundle.bundle",
				"${PODS_ROOT}/UMengUShare/UShareSDK/SocialLibraries/Sina/SinaSDK/WeiboSDK.bundle",
			);
			name = "[CP] Copy Pods Resources";
			outputFileListPaths = (
			);
			outputPaths = (
				"${TARGET_BUILD_DIR}/${UNLOCALIZED_RESOURCES_FOLDER_PATH}/UMSocialSDKPromptResources.bundle",
				"${TARGET_BUILD_DIR}/${UNLOCALIZED_RESOURCES_FOLDER_PATH}/TencentOpenApi_IOS_Bundle.bundle",
				"${TARGET_BUILD_DIR}/${UNLOCALIZED_RESOURCES_FOLDER_PATH}/WeiboSDK.bundle",
			);
			runOnlyForDeploymentPostprocessing = 0;
			shellPath = /bin/sh;
			shellScript = "\"${SRCROOT}/Pods/Target Support Files/Pods-Beehive/Pods-Beehive-resources.sh\"\n";
			showEnvVarsInLog = 0;
		};
		31B3FD8076C7310E74BF8EBC /* [CP] Check Pods Manifest.lock */ = {
			isa = PBXShellScriptBuildPhase;
			buildActionMask = 2147483647;
			files = (
			);
			inputFileListPaths = (
			);
			inputPaths = (
				"${PODS_PODFILE_DIR_PATH}/Podfile.lock",
				"${PODS_ROOT}/Manifest.lock",
			);
			name = "[CP] Check Pods Manifest.lock";
			outputFileListPaths = (
			);
			outputPaths = (
				"$(DERIVED_FILE_DIR)/Pods-BeehiveUITests-checkManifestLockResult.txt",
			);
			runOnlyForDeploymentPostprocessing = 0;
			shellPath = /bin/sh;
			shellScript = "diff \"${PODS_PODFILE_DIR_PATH}/Podfile.lock\" \"${PODS_ROOT}/Manifest.lock\" > /dev/null\nif [ $? != 0 ] ; then\n    # print error to STDERR\n    echo \"error: The sandbox is not in sync with the Podfile.lock. Run 'pod install' or update your CocoaPods installation.\" >&2\n    exit 1\nfi\n# This output is used by Xcode 'outputs' to avoid re-running this script phase.\necho \"SUCCESS\" > \"${SCRIPT_OUTPUT_FILE_0}\"\n";
			showEnvVarsInLog = 0;
		};
		97EE1ED536773DBCC1FF86FA /* [CP] Check Pods Manifest.lock */ = {
			isa = PBXShellScriptBuildPhase;
			buildActionMask = 2147483647;
			files = (
			);
			inputFileListPaths = (
			);
			inputPaths = (
				"${PODS_PODFILE_DIR_PATH}/Podfile.lock",
				"${PODS_ROOT}/Manifest.lock",
			);
			name = "[CP] Check Pods Manifest.lock";
			outputFileListPaths = (
			);
			outputPaths = (
				"$(DERIVED_FILE_DIR)/Pods-BeehiveTests-checkManifestLockResult.txt",
			);
			runOnlyForDeploymentPostprocessing = 0;
			shellPath = /bin/sh;
			shellScript = "diff \"${PODS_PODFILE_DIR_PATH}/Podfile.lock\" \"${PODS_ROOT}/Manifest.lock\" > /dev/null\nif [ $? != 0 ] ; then\n    # print error to STDERR\n    echo \"error: The sandbox is not in sync with the Podfile.lock. Run 'pod install' or update your CocoaPods installation.\" >&2\n    exit 1\nfi\n# This output is used by Xcode 'outputs' to avoid re-running this script phase.\necho \"SUCCESS\" > \"${SCRIPT_OUTPUT_FILE_0}\"\n";
			showEnvVarsInLog = 0;
		};
		A1FE9E6F9FBF75E8DA8973BC /* [CP] Check Pods Manifest.lock */ = {
			isa = PBXShellScriptBuildPhase;
			buildActionMask = 2147483647;
			files = (
			);
			inputFileListPaths = (
			);
			inputPaths = (
				"${PODS_PODFILE_DIR_PATH}/Podfile.lock",
				"${PODS_ROOT}/Manifest.lock",
			);
			name = "[CP] Check Pods Manifest.lock";
			outputFileListPaths = (
			);
			outputPaths = (
				"$(DERIVED_FILE_DIR)/Pods-Beehive-checkManifestLockResult.txt",
			);
			runOnlyForDeploymentPostprocessing = 0;
			shellPath = /bin/sh;
			shellScript = "diff \"${PODS_PODFILE_DIR_PATH}/Podfile.lock\" \"${PODS_ROOT}/Manifest.lock\" > /dev/null\nif [ $? != 0 ] ; then\n    # print error to STDERR\n    echo \"error: The sandbox is not in sync with the Podfile.lock. Run 'pod install' or update your CocoaPods installation.\" >&2\n    exit 1\nfi\n# This output is used by Xcode 'outputs' to avoid re-running this script phase.\necho \"SUCCESS\" > \"${SCRIPT_OUTPUT_FILE_0}\"\n";
			showEnvVarsInLog = 0;
		};
/* End PBXShellScriptBuildPhase section */

/* Begin PBXSourcesBuildPhase section */
		8D58D4AF2226355900803985 /* Sources */ = {
			isa = PBXSourcesBuildPhase;
			buildActionMask = 2147483647;
			files = (
				8D542A68222A5BC2008B90B0 /* LEMenuView.m in Sources */,
				8D542A70222A5BC2008B90B0 /* LELoginUserManager.m in Sources */,
				8DCC9AAE222B71F200AC3128 /* LLRedRuleViewController.m in Sources */,
				8D542A71222A5BC2008B90B0 /* LELoginManager.m in Sources */,
				8D542A6D222A5BC2008B90B0 /* LEShareSheetView.m in Sources */,
				8DD290E52229450D00E4338D /* UINavigationBar+LLFixSpace.m in Sources */,
				8DE5885E2227A4CC002C1576 /* LLBeeRankingViewController.m in Sources */,
				8D79E4E1222676FC0019A1BE /* LLBeeMineViewController.m in Sources */,
				8D542A6A222A5BC2008B90B0 /* LEWebViewController.m in Sources */,
				8D542A6B222A5BC2008B90B0 /* LEShareModel.m in Sources */,
				8D79E4DC222676E20019A1BE /* LLBeeHomeViewController.m in Sources */,
				8D542A6E222A5BC2008B90B0 /* LERefreshHeader.m in Sources */,
				8DCC9AC9222BF81A00AC3128 /* LLCityOptionCollectionViewCell.m in Sources */,
				8D58D4BB2226355900803985 /* ViewController.m in Sources */,
				8D58D4C62226355B00803985 /* main.m in Sources */,
				8D79E4D5222672CA0019A1BE /* LLNavigationController.m in Sources */,
				8DCC9AC2222B815E00AC3128 /* LLTableViewCell.m in Sources */,
				8D542A64222A5BC2008B90B0 /* WYAPIGenerate.m in Sources */,
				8DCC9ABC222B812E00AC3128 /* LLCollectionViewCell.m in Sources */,
				8D542A66222A5BC2008B90B0 /* WYActionSheet.m in Sources */,
				8DE588592227A4B3002C1576 /* LLBeeMessageViewController.m in Sources */,
				8D542A7C222A5BC2008B90B0 /* LELoginAuthManager.m in Sources */,
				8D542A74222A5BC2008B90B0 /* PathHelper.m in Sources */,
				8D79E4D82226748D0019A1BE /* LLBaseViewController.m in Sources */,
				8DE588672227C76F002C1576 /* FontConst.swift in Sources */,
				8D542A69222A5BC2008B90B0 /* LESearchBar.m in Sources */,
				8DCC9AC5222B835000AC3128 /* LLCityOptionHeaderView.m in Sources */,
				8DE588622227AD82002C1576 /* LLPlusButton.m in Sources */,
				8D542A7D222A5BC2008B90B0 /* LELinkerHandler.m in Sources */,
				8D79E4D2222672A20019A1BE /* LLTabBarViewController.m in Sources */,
				8D542A61222A5BC2008B90B0 /* WYNetWorkExceptionHandling.m in Sources */,
				8D542A7B222A5BC2008B90B0 /* WYShareManager.m in Sources */,
				8DCC9AB9222B810900AC3128 /* LLCollectionView.m in Sources */,
				8D542A62222A5BC2008B90B0 /* WYNetWorkManager.m in Sources */,
				8D542A76222A5BC2008B90B0 /* UIImage+LEAdd.m in Sources */,
				8D542A7E222A5BC2008B90B0 /* LEDataStoreManager.m in Sources */,
				8D542A65222A5BC2008B90B0 /* HotUpButton.m in Sources */,
				8D542A73222A5BC2008B90B0 /* SVProgressHUD+LETools.m in Sources */,
				8D542A77222A5BC2008B90B0 /* YTCache.m in Sources */,
				8D542A85222A66A5008B90B0 /* LLLoginViewController.m in Sources */,
				8D542A67222A5BC2008B90B0 /* WYCustomActionSheet.m in Sources */,
				8D542A78222A5BC2008B90B0 /* MBProgressHUD+LETools.m in Sources */,
				8DD290D92228D72200E4338D /* UIViewController+LLNavigationBar.m in Sources */,
				8DCC9AB6222B7D5700AC3128 /* LLView.m in Sources */,
				8D542A79222A5BC2008B90B0 /* UIImage+ProportionalFill.m in Sources */,
				8D542A7A222A5BC2008B90B0 /* LEBaseModel.m in Sources */,
				8D542A75222A5BC2008B90B0 /* WYCommonUtils.m in Sources */,
				8DD290E22229442D00E4338D /* NSObject+LLRuntime.m in Sources */,
				8D542A6F222A5BC2008B90B0 /* LERefreshFooter.m in Sources */,
				8DCC9ABF222B814D00AC3128 /* LLTableView.m in Sources */,
				8D58D4B82226355900803985 /* AppDelegate.m in Sources */,
				8D542A72222A5BC2008B90B0 /* LELoginModel.m in Sources */,
				8D542A6C222A5BC2008B90B0 /* LEShareWindow.m in Sources */,
				8D542A5F222A5BC2008B90B0 /* LESuperTableViewController.m in Sources */,
			);
			runOnlyForDeploymentPostprocessing = 0;
		};
		8D58D4C72226355B00803985 /* Sources */ = {
			isa = PBXSourcesBuildPhase;
			buildActionMask = 2147483647;
			files = (
				8D58D4D02226355B00803985 /* BeehiveTests.m in Sources */,
			);
			runOnlyForDeploymentPostprocessing = 0;
		};
		8D58D4D22226355B00803985 /* Sources */ = {
			isa = PBXSourcesBuildPhase;
			buildActionMask = 2147483647;
			files = (
				8D58D4DB2226355B00803985 /* BeehiveUITests.m in Sources */,
			);
			runOnlyForDeploymentPostprocessing = 0;
		};
/* End PBXSourcesBuildPhase section */

/* Begin PBXTargetDependency section */
		8D58D4CD2226355B00803985 /* PBXTargetDependency */ = {
			isa = PBXTargetDependency;
			target = 8D58D4B22226355900803985 /* Beehive */;
			targetProxy = 8D58D4CC2226355B00803985 /* PBXContainerItemProxy */;
		};
		8D58D4D82226355B00803985 /* PBXTargetDependency */ = {
			isa = PBXTargetDependency;
			target = 8D58D4B22226355900803985 /* Beehive */;
			targetProxy = 8D58D4D72226355B00803985 /* PBXContainerItemProxy */;
		};
/* End PBXTargetDependency section */

/* Begin PBXVariantGroup section */
		8D58D4BC2226355900803985 /* Main.storyboard */ = {
			isa = PBXVariantGroup;
			children = (
				8D58D4BD2226355900803985 /* Base */,
			);
			name = Main.storyboard;
			sourceTree = "<group>";
		};
		8D58D4C12226355B00803985 /* LaunchScreen.storyboard */ = {
			isa = PBXVariantGroup;
			children = (
				8D58D4C22226355B00803985 /* Base */,
			);
			name = LaunchScreen.storyboard;
			sourceTree = "<group>";
		};
/* End PBXVariantGroup section */

/* Begin XCBuildConfiguration section */
		8D58D4DD2226355B00803985 /* Debug */ = {
			isa = XCBuildConfiguration;
			buildSettings = {
				ALWAYS_SEARCH_USER_PATHS = NO;
				CLANG_ANALYZER_NONNULL = YES;
				CLANG_ANALYZER_NUMBER_OBJECT_CONVERSION = YES_AGGRESSIVE;
				CLANG_CXX_LANGUAGE_STANDARD = "gnu++14";
				CLANG_CXX_LIBRARY = "libc++";
				CLANG_ENABLE_MODULES = YES;
				CLANG_ENABLE_OBJC_ARC = YES;
				CLANG_ENABLE_OBJC_WEAK = YES;
				CLANG_WARN_BLOCK_CAPTURE_AUTORELEASING = YES;
				CLANG_WARN_BOOL_CONVERSION = YES;
				CLANG_WARN_COMMA = YES;
				CLANG_WARN_CONSTANT_CONVERSION = YES;
				CLANG_WARN_DEPRECATED_OBJC_IMPLEMENTATIONS = YES;
				CLANG_WARN_DIRECT_OBJC_ISA_USAGE = YES_ERROR;
				CLANG_WARN_DOCUMENTATION_COMMENTS = YES;
				CLANG_WARN_EMPTY_BODY = YES;
				CLANG_WARN_ENUM_CONVERSION = YES;
				CLANG_WARN_INFINITE_RECURSION = YES;
				CLANG_WARN_INT_CONVERSION = YES;
				CLANG_WARN_NON_LITERAL_NULL_CONVERSION = YES;
				CLANG_WARN_OBJC_IMPLICIT_RETAIN_SELF = YES;
				CLANG_WARN_OBJC_LITERAL_CONVERSION = YES;
				CLANG_WARN_OBJC_ROOT_CLASS = YES_ERROR;
				CLANG_WARN_RANGE_LOOP_ANALYSIS = YES;
				CLANG_WARN_STRICT_PROTOTYPES = YES;
				CLANG_WARN_SUSPICIOUS_MOVE = YES;
				CLANG_WARN_UNGUARDED_AVAILABILITY = YES_AGGRESSIVE;
				CLANG_WARN_UNREACHABLE_CODE = YES;
				CLANG_WARN__DUPLICATE_METHOD_MATCH = YES;
				CODE_SIGN_IDENTITY = "iPhone Developer";
				COPY_PHASE_STRIP = NO;
				DEBUG_INFORMATION_FORMAT = dwarf;
				ENABLE_STRICT_OBJC_MSGSEND = YES;
				ENABLE_TESTABILITY = YES;
				GCC_C_LANGUAGE_STANDARD = gnu11;
				GCC_DYNAMIC_NO_PIC = NO;
				GCC_NO_COMMON_BLOCKS = YES;
				GCC_OPTIMIZATION_LEVEL = 0;
				GCC_PREPROCESSOR_DEFINITIONS = (
					"DEBUG=1",
					"$(inherited)",
				);
				GCC_WARN_64_TO_32_BIT_CONVERSION = YES;
				GCC_WARN_ABOUT_RETURN_TYPE = YES_ERROR;
				GCC_WARN_UNDECLARED_SELECTOR = YES;
				GCC_WARN_UNINITIALIZED_AUTOS = YES_AGGRESSIVE;
				GCC_WARN_UNUSED_FUNCTION = YES;
				GCC_WARN_UNUSED_VARIABLE = YES;
				IPHONEOS_DEPLOYMENT_TARGET = 12.1;
				MTL_ENABLE_DEBUG_INFO = INCLUDE_SOURCE;
				MTL_FAST_MATH = YES;
				ONLY_ACTIVE_ARCH = YES;
				SDKROOT = iphoneos;
			};
			name = Debug;
		};
		8D58D4DE2226355B00803985 /* Release */ = {
			isa = XCBuildConfiguration;
			buildSettings = {
				ALWAYS_SEARCH_USER_PATHS = NO;
				CLANG_ANALYZER_NONNULL = YES;
				CLANG_ANALYZER_NUMBER_OBJECT_CONVERSION = YES_AGGRESSIVE;
				CLANG_CXX_LANGUAGE_STANDARD = "gnu++14";
				CLANG_CXX_LIBRARY = "libc++";
				CLANG_ENABLE_MODULES = YES;
				CLANG_ENABLE_OBJC_ARC = YES;
				CLANG_ENABLE_OBJC_WEAK = YES;
				CLANG_WARN_BLOCK_CAPTURE_AUTORELEASING = YES;
				CLANG_WARN_BOOL_CONVERSION = YES;
				CLANG_WARN_COMMA = YES;
				CLANG_WARN_CONSTANT_CONVERSION = YES;
				CLANG_WARN_DEPRECATED_OBJC_IMPLEMENTATIONS = YES;
				CLANG_WARN_DIRECT_OBJC_ISA_USAGE = YES_ERROR;
				CLANG_WARN_DOCUMENTATION_COMMENTS = YES;
				CLANG_WARN_EMPTY_BODY = YES;
				CLANG_WARN_ENUM_CONVERSION = YES;
				CLANG_WARN_INFINITE_RECURSION = YES;
				CLANG_WARN_INT_CONVERSION = YES;
				CLANG_WARN_NON_LITERAL_NULL_CONVERSION = YES;
				CLANG_WARN_OBJC_IMPLICIT_RETAIN_SELF = YES;
				CLANG_WARN_OBJC_LITERAL_CONVERSION = YES;
				CLANG_WARN_OBJC_ROOT_CLASS = YES_ERROR;
				CLANG_WARN_RANGE_LOOP_ANALYSIS = YES;
				CLANG_WARN_STRICT_PROTOTYPES = YES;
				CLANG_WARN_SUSPICIOUS_MOVE = YES;
				CLANG_WARN_UNGUARDED_AVAILABILITY = YES_AGGRESSIVE;
				CLANG_WARN_UNREACHABLE_CODE = YES;
				CLANG_WARN__DUPLICATE_METHOD_MATCH = YES;
				CODE_SIGN_IDENTITY = "iPhone Developer";
				COPY_PHASE_STRIP = NO;
				DEBUG_INFORMATION_FORMAT = "dwarf-with-dsym";
				ENABLE_NS_ASSERTIONS = NO;
				ENABLE_STRICT_OBJC_MSGSEND = YES;
				GCC_C_LANGUAGE_STANDARD = gnu11;
				GCC_NO_COMMON_BLOCKS = YES;
				GCC_WARN_64_TO_32_BIT_CONVERSION = YES;
				GCC_WARN_ABOUT_RETURN_TYPE = YES_ERROR;
				GCC_WARN_UNDECLARED_SELECTOR = YES;
				GCC_WARN_UNINITIALIZED_AUTOS = YES_AGGRESSIVE;
				GCC_WARN_UNUSED_FUNCTION = YES;
				GCC_WARN_UNUSED_VARIABLE = YES;
				IPHONEOS_DEPLOYMENT_TARGET = 12.1;
				MTL_ENABLE_DEBUG_INFO = NO;
				MTL_FAST_MATH = YES;
				SDKROOT = iphoneos;
				VALIDATE_PRODUCT = YES;
			};
			name = Release;
		};
		8D58D4E02226355B00803985 /* Debug */ = {
			isa = XCBuildConfiguration;
			baseConfigurationReference = 86AFFE00E0BD8677E897D9D1 /* Pods-Beehive.debug.xcconfig */;
			buildSettings = {
				ASSETCATALOG_COMPILER_APPICON_NAME = AppIcon;
				CLANG_ENABLE_MODULES = YES;
				CODE_SIGN_STYLE = Automatic;
				DEFINES_MODULE = YES;
				DEVELOPMENT_TEAM = GZ42KLGZ8K;
				EMBED_ASSET_PACKS_IN_PRODUCT_BUNDLE = NO;
				ENABLE_BITCODE = NO;
				GCC_PREFIX_HEADER = Beehive/PrefixHeader.pch;
				INFOPLIST_FILE = Beehive/Info.plist;
				IPHONEOS_DEPLOYMENT_TARGET = 10.0;
				LD_RUNPATH_SEARCH_PATHS = (
					"$(inherited)",
					"@executable_path/Frameworks",
				);
				PRODUCT_BUNDLE_IDENTIFIER = com.saas.Beehive;
				PRODUCT_MODULE_NAME = Beehive;
				PRODUCT_NAME = "$(TARGET_NAME)";
				SWIFT_OBJC_BRIDGING_HEADER = "Beehive/AppDelegate/Beehive-Bridging-Header.h";
				SWIFT_OPTIMIZATION_LEVEL = "-Onone";
				SWIFT_VERSION = 4.0;
				TARGETED_DEVICE_FAMILY = "1,2";
			};
			name = Debug;
		};
		8D58D4E12226355B00803985 /* Release */ = {
			isa = XCBuildConfiguration;
			baseConfigurationReference = 3E0B5B249A57781EFB56EA11 /* Pods-Beehive.release.xcconfig */;
			buildSettings = {
				ASSETCATALOG_COMPILER_APPICON_NAME = AppIcon;
				CLANG_ENABLE_MODULES = YES;
				CODE_SIGN_STYLE = Automatic;
				DEFINES_MODULE = YES;
				DEVELOPMENT_TEAM = GZ42KLGZ8K;
				EMBED_ASSET_PACKS_IN_PRODUCT_BUNDLE = NO;
				ENABLE_BITCODE = NO;
				GCC_PREFIX_HEADER = Beehive/PrefixHeader.pch;
				INFOPLIST_FILE = Beehive/Info.plist;
				IPHONEOS_DEPLOYMENT_TARGET = 10.0;
				LD_RUNPATH_SEARCH_PATHS = (
					"$(inherited)",
					"@executable_path/Frameworks",
				);
				PRODUCT_BUNDLE_IDENTIFIER = com.saas.Beehive;
				PRODUCT_MODULE_NAME = Beehive;
				PRODUCT_NAME = "$(TARGET_NAME)";
				SWIFT_OBJC_BRIDGING_HEADER = "Beehive/AppDelegate/Beehive-Bridging-Header.h";
				SWIFT_VERSION = 4.0;
				TARGETED_DEVICE_FAMILY = "1,2";
			};
			name = Release;
		};
		8D58D4E32226355B00803985 /* Debug */ = {
			isa = XCBuildConfiguration;
			baseConfigurationReference = A64954C5C3CAB5F3221F123D /* Pods-BeehiveTests.debug.xcconfig */;
			buildSettings = {
				ALWAYS_EMBED_SWIFT_STANDARD_LIBRARIES = YES;
				BUNDLE_LOADER = "$(TEST_HOST)";
				CODE_SIGN_STYLE = Automatic;
				INFOPLIST_FILE = BeehiveTests/Info.plist;
				LD_RUNPATH_SEARCH_PATHS = (
					"$(inherited)",
					"@executable_path/Frameworks",
					"@loader_path/Frameworks",
				);
				PRODUCT_BUNDLE_IDENTIFIER = com.saas.BeehiveTests;
				PRODUCT_NAME = "$(TARGET_NAME)";
				TARGETED_DEVICE_FAMILY = "1,2";
				TEST_HOST = "$(BUILT_PRODUCTS_DIR)/Beehive.app/Beehive";
			};
			name = Debug;
		};
		8D58D4E42226355B00803985 /* Release */ = {
			isa = XCBuildConfiguration;
			baseConfigurationReference = 4D6CFC789F3E2147740EF3C7 /* Pods-BeehiveTests.release.xcconfig */;
			buildSettings = {
				ALWAYS_EMBED_SWIFT_STANDARD_LIBRARIES = YES;
				BUNDLE_LOADER = "$(TEST_HOST)";
				CODE_SIGN_STYLE = Automatic;
				INFOPLIST_FILE = BeehiveTests/Info.plist;
				LD_RUNPATH_SEARCH_PATHS = (
					"$(inherited)",
					"@executable_path/Frameworks",
					"@loader_path/Frameworks",
				);
				PRODUCT_BUNDLE_IDENTIFIER = com.saas.BeehiveTests;
				PRODUCT_NAME = "$(TARGET_NAME)";
				TARGETED_DEVICE_FAMILY = "1,2";
				TEST_HOST = "$(BUILT_PRODUCTS_DIR)/Beehive.app/Beehive";
			};
			name = Release;
		};
		8D58D4E62226355B00803985 /* Debug */ = {
			isa = XCBuildConfiguration;
			baseConfigurationReference = 20C25563243C0C0C3470C450 /* Pods-BeehiveUITests.debug.xcconfig */;
			buildSettings = {
				ALWAYS_EMBED_SWIFT_STANDARD_LIBRARIES = YES;
				CODE_SIGN_STYLE = Automatic;
				INFOPLIST_FILE = BeehiveUITests/Info.plist;
				LD_RUNPATH_SEARCH_PATHS = (
					"$(inherited)",
					"@executable_path/Frameworks",
					"@loader_path/Frameworks",
				);
				PRODUCT_BUNDLE_IDENTIFIER = com.saas.BeehiveUITests;
				PRODUCT_NAME = "$(TARGET_NAME)";
				TARGETED_DEVICE_FAMILY = "1,2";
				TEST_TARGET_NAME = Beehive;
			};
			name = Debug;
		};
		8D58D4E72226355B00803985 /* Release */ = {
			isa = XCBuildConfiguration;
			baseConfigurationReference = D3B686826F27F039EC4B022E /* Pods-BeehiveUITests.release.xcconfig */;
			buildSettings = {
				ALWAYS_EMBED_SWIFT_STANDARD_LIBRARIES = YES;
				CODE_SIGN_STYLE = Automatic;
				INFOPLIST_FILE = BeehiveUITests/Info.plist;
				LD_RUNPATH_SEARCH_PATHS = (
					"$(inherited)",
					"@executable_path/Frameworks",
					"@loader_path/Frameworks",
				);
				PRODUCT_BUNDLE_IDENTIFIER = com.saas.BeehiveUITests;
				PRODUCT_NAME = "$(TARGET_NAME)";
				TARGETED_DEVICE_FAMILY = "1,2";
				TEST_TARGET_NAME = Beehive;
			};
			name = Release;
		};
/* End XCBuildConfiguration section */

/* Begin XCConfigurationList section */
		8D58D4AE2226355900803985 /* Build configuration list for PBXProject "Beehive" */ = {
			isa = XCConfigurationList;
			buildConfigurations = (
				8D58D4DD2226355B00803985 /* Debug */,
				8D58D4DE2226355B00803985 /* Release */,
			);
			defaultConfigurationIsVisible = 0;
			defaultConfigurationName = Release;
		};
		8D58D4DF2226355B00803985 /* Build configuration list for PBXNativeTarget "Beehive" */ = {
			isa = XCConfigurationList;
			buildConfigurations = (
				8D58D4E02226355B00803985 /* Debug */,
				8D58D4E12226355B00803985 /* Release */,
			);
			defaultConfigurationIsVisible = 0;
			defaultConfigurationName = Release;
		};
		8D58D4E22226355B00803985 /* Build configuration list for PBXNativeTarget "BeehiveTests" */ = {
			isa = XCConfigurationList;
			buildConfigurations = (
				8D58D4E32226355B00803985 /* Debug */,
				8D58D4E42226355B00803985 /* Release */,
			);
			defaultConfigurationIsVisible = 0;
			defaultConfigurationName = Release;
		};
		8D58D4E52226355B00803985 /* Build configuration list for PBXNativeTarget "BeehiveUITests" */ = {
			isa = XCConfigurationList;
			buildConfigurations = (
				8D58D4E62226355B00803985 /* Debug */,
				8D58D4E72226355B00803985 /* Release */,
			);
			defaultConfigurationIsVisible = 0;
			defaultConfigurationName = Release;
		};
/* End XCConfigurationList section */
	};
	rootObject = 8D58D4AB2226355900803985 /* Project object */;
}
